// !$*UTF8*$!
{
	archiveVersion = 1;
	classes = {
	};
	objectVersion = 56;
	objects = {

/* Begin PBXBuildFile section */
		8103094129D1BDEF0021717B /* IMAD_ProjectApp.swift in Sources */ = {isa = PBXBuildFile; fileRef = 8103094029D1BDEF0021717B /* IMAD_ProjectApp.swift */; };
		8103094329D1BDEF0021717B /* ContentView.swift in Sources */ = {isa = PBXBuildFile; fileRef = 8103094229D1BDEF0021717B /* ContentView.swift */; };
		8103094529D1BDF00021717B /* Assets.xcassets in Resources */ = {isa = PBXBuildFile; fileRef = 8103094429D1BDF00021717B /* Assets.xcassets */; };
		8103094829D1BDF00021717B /* Preview Assets.xcassets in Resources */ = {isa = PBXBuildFile; fileRef = 8103094729D1BDF00021717B /* Preview Assets.xcassets */; };
		8103095229D1BDF00021717B /* IMAD_ProjectTests.swift in Sources */ = {isa = PBXBuildFile; fileRef = 8103095129D1BDF00021717B /* IMAD_ProjectTests.swift */; };
		8103095C29D1BDF00021717B /* IMAD_ProjectUITests.swift in Sources */ = {isa = PBXBuildFile; fileRef = 8103095B29D1BDF00021717B /* IMAD_ProjectUITests.swift */; };
		8103095E29D1BDF00021717B /* IMAD_ProjectUITestsLaunchTests.swift in Sources */ = {isa = PBXBuildFile; fileRef = 8103095D29D1BDF00021717B /* IMAD_ProjectUITestsLaunchTests.swift */; };
		810B4E9E2A2CDE0E00714A2B /* CustomProgressView.swift in Sources */ = {isa = PBXBuildFile; fileRef = 810B4E9D2A2CDE0E00714A2B /* CustomProgressView.swift */; };
		81135F492AB7DBE900E784FD /* ReviewLike.swift in Sources */ = {isa = PBXBuildFile; fileRef = 81135F482AB7DBE900E784FD /* ReviewLike.swift */; };
		811536D42A173EED003F8273 /* Data.swift in Sources */ = {isa = PBXBuildFile; fileRef = 811536D32A173EED003F8273 /* Data.swift */; };
		8115A6432A8391BE00B7C3FE /* WorkResults.swift in Sources */ = {isa = PBXBuildFile; fileRef = 8115A6422A8391BE00B7C3FE /* WorkResults.swift */; };
		8115A6452A83940800B7C3FE /* WorkRouter.swift in Sources */ = {isa = PBXBuildFile; fileRef = 8115A6442A83940800B7C3FE /* WorkRouter.swift */; };
		8115A6472A8395C500B7C3FE /* WorkApiService.swift in Sources */ = {isa = PBXBuildFile; fileRef = 8115A6462A8395C500B7C3FE /* WorkApiService.swift */; };
		8115A64A2A8396C800B7C3FE /* WorkData.swift in Sources */ = {isa = PBXBuildFile; fileRef = 8115A6492A8396C800B7C3FE /* WorkData.swift */; };
		8115A64C2A83973F00B7C3FE /* SearchWork.swift in Sources */ = {isa = PBXBuildFile; fileRef = 8115A64B2A83973F00B7C3FE /* SearchWork.swift */; };
		8115A6542A85C1D300B7C3FE /* SearchViewModel.swift in Sources */ = {isa = PBXBuildFile; fileRef = 8115A6532A85C1D300B7C3FE /* SearchViewModel.swift */; };
		8115A6562A85D7DC00B7C3FE /* MovieTypeFilter.swift in Sources */ = {isa = PBXBuildFile; fileRef = 8115A6552A85D7DB00B7C3FE /* MovieTypeFilter.swift */; };
		8115A6582A8A166200B7C3FE /* TVGenreFilter.swift in Sources */ = {isa = PBXBuildFile; fileRef = 8115A6572A8A166200B7C3FE /* TVGenreFilter.swift */; };
		8115A65A2A8A170700B7C3FE /* MovieGenreFilter.swift in Sources */ = {isa = PBXBuildFile; fileRef = 8115A6592A8A170700B7C3FE /* MovieGenreFilter.swift */; };
		8115A65C2A8F2EF400B7C3FE /* WorkInfo.swift in Sources */ = {isa = PBXBuildFile; fileRef = 8115A65B2A8F2EF400B7C3FE /* WorkInfo.swift */; };
		8115A65E2A8F30F700B7C3FE /* Work.swift in Sources */ = {isa = PBXBuildFile; fileRef = 8115A65D2A8F30F700B7C3FE /* Work.swift */; };
		8115A6622A8F320B00B7C3FE /* Array.swift in Sources */ = {isa = PBXBuildFile; fileRef = 8115A6612A8F320B00B7C3FE /* Array.swift */; };
		8115A6642A8F38A800B7C3FE /* WorkViewModel.swift in Sources */ = {isa = PBXBuildFile; fileRef = 8115A6632A8F38A800B7C3FE /* WorkViewModel.swift */; };
		8115A6672A8F3B3E00B7C3FE /* String.swift in Sources */ = {isa = PBXBuildFile; fileRef = 8115A6662A8F3B3E00B7C3FE /* String.swift */; };
		811DA16929E9332500482A6A /* WriteReview.swift in Sources */ = {isa = PBXBuildFile; fileRef = 811DA16829E9332500482A6A /* WriteReview.swift */; };
		811DA16B29E94D9D00482A6A /* UserReview.swift in Sources */ = {isa = PBXBuildFile; fileRef = 811DA16A29E94D9D00482A6A /* UserReview.swift */; };
		811DA16D29E978DB00482A6A /* CommunityPostView.swift in Sources */ = {isa = PBXBuildFile; fileRef = 811DA16C29E978DB00482A6A /* CommunityPostView.swift */; };
		8124CB3529EFB16A00B446D5 /* WriteReviewView.swift in Sources */ = {isa = PBXBuildFile; fileRef = 8124CB3429EFB16A00B446D5 /* WriteReviewView.swift */; };
		8124CB3729F00FCD00B446D5 /* MyReviewView.swift in Sources */ = {isa = PBXBuildFile; fileRef = 8124CB3629F00FCD00B446D5 /* MyReviewView.swift */; };
		8124CB3A29F0175F00B446D5 /* WorkListView.swift in Sources */ = {isa = PBXBuildFile; fileRef = 8124CB3929F0175F00B446D5 /* WorkListView.swift */; };
		812CDE9429DE92000003B993 /* CommunityView.swift in Sources */ = {isa = PBXBuildFile; fileRef = 812CDE9329DE92000003B993 /* CommunityView.swift */; };
		812CDE9629DE9CD50003B993 /* CommunityFilter.swift in Sources */ = {isa = PBXBuildFile; fileRef = 812CDE9529DE9CD50003B993 /* CommunityFilter.swift */; };
		812CDE9A29DE9ECB0003B993 /* TabViewModel.swift in Sources */ = {isa = PBXBuildFile; fileRef = 812CDE9929DE9ECB0003B993 /* TabViewModel.swift */; };
		812CDE9E29DEA22D0003B993 /* CommunityTabViewModel.swift in Sources */ = {isa = PBXBuildFile; fileRef = 812CDE9D29DEA22D0003B993 /* CommunityTabViewModel.swift */; };
		812CDEA029DEAA850003B993 /* CommunityListRowView.swift in Sources */ = {isa = PBXBuildFile; fileRef = 812CDE9F29DEAA850003B993 /* CommunityListRowView.swift */; };
		812CDEA329DEAE880003B993 /* Community.swift in Sources */ = {isa = PBXBuildFile; fileRef = 812CDEA229DEAE880003B993 /* Community.swift */; };
		812CDEA629DEC18E0003B993 /* NotificationView.swift in Sources */ = {isa = PBXBuildFile; fileRef = 812CDEA529DEC18E0003B993 /* NotificationView.swift */; };
		812CDEAA29DF0BF20003B993 /* Notific.swift in Sources */ = {isa = PBXBuildFile; fileRef = 812CDEA929DF0BF20003B993 /* Notific.swift */; };
		812EF9D329E1B5E700CE19DA /* ProfileView.swift in Sources */ = {isa = PBXBuildFile; fileRef = 812EF9D229E1B5E700CE19DA /* ProfileView.swift */; };
		814046FE2A284BC200B77EFD /* FilterCoverView.swift in Sources */ = {isa = PBXBuildFile; fileRef = 814046FD2A284BC200B77EFD /* FilterCoverView.swift */; };
		814047012A2863DF00B77EFD /* Sliders in Frameworks */ = {isa = PBXBuildFile; productRef = 814047002A2863DF00B77EFD /* Sliders */; };
		817860122A2992D6004639F6 /* ContriesFilter.swift in Sources */ = {isa = PBXBuildFile; fileRef = 817860112A2992D6004639F6 /* ContriesFilter.swift */; };
		817860152A29A6C3004639F6 /* WorkView.swift in Sources */ = {isa = PBXBuildFile; fileRef = 817860142A29A6C3004639F6 /* WorkView.swift */; };
		817860172A29B1DD004639F6 /* WorkFilter.swift in Sources */ = {isa = PBXBuildFile; fileRef = 817860162A29B1DD004639F6 /* WorkFilter.swift */; };
		8178601B2A29C6F9004639F6 /* WorkInfoView.swift in Sources */ = {isa = PBXBuildFile; fileRef = 8178601A2A29C6F9004639F6 /* WorkInfoView.swift */; };
		8178601D2A29CDAA004639F6 /* CustomSlider.swift in Sources */ = {isa = PBXBuildFile; fileRef = 8178601C2A29CDAA004639F6 /* CustomSlider.swift */; };
		8178601F2A29CDD3004639F6 /* TestView.swift in Sources */ = {isa = PBXBuildFile; fileRef = 8178601E2A29CDD3004639F6 /* TestView.swift */; };
		817860212A29ECA7004639F6 /* CommunityWriteView.swift in Sources */ = {isa = PBXBuildFile; fileRef = 817860202A29ECA7004639F6 /* CommunityWriteView.swift */; };
		817B60CD2A236F00000099A9 /* CheckRouter.swift in Sources */ = {isa = PBXBuildFile; fileRef = 817B60CC2A236F00000099A9 /* CheckRouter.swift */; };
		817B60CF2A2370C1000099A9 /* CheckApiService.swift in Sources */ = {isa = PBXBuildFile; fileRef = 817B60CE2A2370C1000099A9 /* CheckApiService.swift */; };
		817B60D22A237248000099A9 /* CheckDataViewModel.swift in Sources */ = {isa = PBXBuildFile; fileRef = 817B60D12A237248000099A9 /* CheckDataViewModel.swift */; };
		817B60D42A237436000099A9 /* Validation.swift in Sources */ = {isa = PBXBuildFile; fileRef = 817B60D32A237436000099A9 /* Validation.swift */; };
		817B60D62A23747F000099A9 /* ValidationResponse.swift in Sources */ = {isa = PBXBuildFile; fileRef = 817B60D52A23747F000099A9 /* ValidationResponse.swift */; };
		817BBB3829EE982F00E1CBA6 /* ProfileChangeView.swift in Sources */ = {isa = PBXBuildFile; fileRef = 817BBB3729EE982F00E1CBA6 /* ProfileChangeView.swift */; };
		817BBB3A29EED13400E1CBA6 /* InfoChangeView.swift in Sources */ = {isa = PBXBuildFile; fileRef = 817BBB3929EED13400E1CBA6 /* InfoChangeView.swift */; };
		818CF7EF2A20764C00BABA1F /* OnBoardingView.swift in Sources */ = {isa = PBXBuildFile; fileRef = 818CF7EE2A20764C00BABA1F /* OnBoardingView.swift */; };
		818CF7F22A207CFF00BABA1F /* OnBoardingTabView.swift in Sources */ = {isa = PBXBuildFile; fileRef = 818CF7F12A207CFF00BABA1F /* OnBoardingTabView.swift */; };
		818CF7F82A20929800BABA1F /* ProfileSelectView.swift in Sources */ = {isa = PBXBuildFile; fileRef = 818CF7F72A20929800BABA1F /* ProfileSelectView.swift */; };
		818CF7FA2A20AAE500BABA1F /* AgeSelectView.swift in Sources */ = {isa = PBXBuildFile; fileRef = 818CF7F92A20AAE500BABA1F /* AgeSelectView.swift */; };
		818CF7FE2A21B7E000BABA1F /* RegisterFilter.swift in Sources */ = {isa = PBXBuildFile; fileRef = 818CF7FD2A21B7E000BABA1F /* RegisterFilter.swift */; };
		819C506E2A0F467B0008F4A5 /* UserDefaultManager.swift in Sources */ = {isa = PBXBuildFile; fileRef = 819C506D2A0F467B0008F4A5 /* UserDefaultManager.swift */; };
		819C50702A0F8AFC0008F4A5 /* RegisterResponse.swift in Sources */ = {isa = PBXBuildFile; fileRef = 819C506F2A0F8AFC0008F4A5 /* RegisterResponse.swift */; };
		819D499A2A9338AD008B7BFE /* Season.swift in Sources */ = {isa = PBXBuildFile; fileRef = 819D49992A9338AD008B7BFE /* Season.swift */; };
		819D499C2A933A3F008B7BFE /* Credit.swift in Sources */ = {isa = PBXBuildFile; fileRef = 819D499B2A933A3F008B7BFE /* Credit.swift */; };
		819D499E2A933A5C008B7BFE /* Network.swift in Sources */ = {isa = PBXBuildFile; fileRef = 819D499D2A933A5C008B7BFE /* Network.swift */; };
		819D49A02A933AEC008B7BFE /* Person.swift in Sources */ = {isa = PBXBuildFile; fileRef = 819D499F2A933AEC008B7BFE /* Person.swift */; };
		819D49A82A9383BA008B7BFE /* NoImageView.swift in Sources */ = {isa = PBXBuildFile; fileRef = 819D49A72A9383BA008B7BFE /* NoImageView.swift */; };
		81A1ECE029DACB720001A366 /* SplashView.swift in Sources */ = {isa = PBXBuildFile; fileRef = 81A1ECDF29DACB720001A366 /* SplashView.swift */; };
		81A1ECE329DC207F0001A366 /* ColorSet.swift in Sources */ = {isa = PBXBuildFile; fileRef = 81A1ECE229DC207F0001A366 /* ColorSet.swift */; };
		81A1ECE529DC3FA30001A366 /* MainView.swift in Sources */ = {isa = PBXBuildFile; fileRef = 81A1ECE429DC3FA30001A366 /* MainView.swift */; };
		81A1ECE729DC40D50001A366 /* CustomData.swift in Sources */ = {isa = PBXBuildFile; fileRef = 81A1ECE629DC40D50001A366 /* CustomData.swift */; };
		81A1ECEA29DC44370001A366 /* Kingfisher in Frameworks */ = {isa = PBXBuildFile; productRef = 81A1ECE929DC44370001A366 /* Kingfisher */; };
		81A1ECF229DD3BBC0001A366 /* MenuTabView.swift in Sources */ = {isa = PBXBuildFile; fileRef = 81A1ECF129DD3BBC0001A366 /* MenuTabView.swift */; };
		81A1ECF929DD6BE70001A366 /* Tab.swift in Sources */ = {isa = PBXBuildFile; fileRef = 81A1ECF829DD6BE70001A366 /* Tab.swift */; };
		81A285F52AAC5CC300703C55 /* MovieBackgroundView.swift in Sources */ = {isa = PBXBuildFile; fileRef = 81A285F42AAC5CC300703C55 /* MovieBackgroundView.swift */; };
		81AFC7212A25A11E00051F59 /* EmailFilter.swift in Sources */ = {isa = PBXBuildFile; fileRef = 81AFC7202A25A11E00051F59 /* EmailFilter.swift */; };
		81BB10FF2A061055005654AA /* Alamofire in Frameworks */ = {isa = PBXBuildFile; productRef = 81BB10FE2A061055005654AA /* Alamofire */; };
		81BB11022A061198005654AA /* AuthRouter.swift in Sources */ = {isa = PBXBuildFile; fileRef = 81BB11012A061198005654AA /* AuthRouter.swift */; };
		81BB11042A061457005654AA /* ApiClient.swift in Sources */ = {isa = PBXBuildFile; fileRef = 81BB11032A061457005654AA /* ApiClient.swift */; };
		81BB11062A0614D1005654AA /* ApiLogger.swift in Sources */ = {isa = PBXBuildFile; fileRef = 81BB11052A0614D1005654AA /* ApiLogger.swift */; };
		81BB11092A061772005654AA /* AuthApiService.swift in Sources */ = {isa = PBXBuildFile; fileRef = 81BB11082A061772005654AA /* AuthApiService.swift */; };
		81BB110C2A0617B8005654AA /* BaseIntercept.swift in Sources */ = {isa = PBXBuildFile; fileRef = 81BB110B2A0617B8005654AA /* BaseIntercept.swift */; };
		81BB11102A061E42005654AA /* Token.swift in Sources */ = {isa = PBXBuildFile; fileRef = 81BB110F2A061E42005654AA /* Token.swift */; };
		81BB11142A0622AC005654AA /* AuthViewModel.swift in Sources */ = {isa = PBXBuildFile; fileRef = 81BB11132A0622AC005654AA /* AuthViewModel.swift */; };
		81BB112E2A0658CC005654AA /* LoginResponse.swift in Sources */ = {isa = PBXBuildFile; fileRef = 81BB112D2A0658CC005654AA /* LoginResponse.swift */; };
		81C0DC5B2A14B1220022A3EE /* GetUserInfo.swift in Sources */ = {isa = PBXBuildFile; fileRef = 81C0DC5A2A14B1220022A3EE /* GetUserInfo.swift */; };
		81C0DC5F2A14D01D0022A3EE /* ProfileFilter.swift in Sources */ = {isa = PBXBuildFile; fileRef = 81C0DC5E2A14D01D0022A3EE /* ProfileFilter.swift */; };
		81C1EB7D2AB3581E00FB265D /* ReviewView.swift in Sources */ = {isa = PBXBuildFile; fileRef = 81C1EB7C2AB3581E00FB265D /* ReviewView.swift */; };
		81C1EB812AB400AB00FB265D /* ReadReviewList.swift in Sources */ = {isa = PBXBuildFile; fileRef = 81C1EB802AB400AB00FB265D /* ReadReviewList.swift */; };
		81C1EB832AB4332600FB265D /* ReviewSortFilter.swift in Sources */ = {isa = PBXBuildFile; fileRef = 81C1EB822AB4332600FB265D /* ReviewSortFilter.swift */; };
		81C1EB852AB4397600FB265D /* ReviewOrderFilter.swift in Sources */ = {isa = PBXBuildFile; fileRef = 81C1EB842AB4397600FB265D /* ReviewOrderFilter.swift */; };
		81C1EB872AB43A6000FB265D /* ReviewListRowView.swift in Sources */ = {isa = PBXBuildFile; fileRef = 81C1EB862AB43A6000FB265D /* ReviewListRowView.swift */; };
		81C264902A135F8900405B01 /* AuthWebView.swift in Sources */ = {isa = PBXBuildFile; fileRef = 81C2648F2A135F8900405B01 /* AuthWebView.swift */; };
		81C264942A1376AE00405B01 /* OauthFilter.swift in Sources */ = {isa = PBXBuildFile; fileRef = 81C264932A1376AE00405B01 /* OauthFilter.swift */; };
		81C264972A137CFF00405B01 /* RegisterView.swift in Sources */ = {isa = PBXBuildFile; fileRef = 81C264962A137CFF00405B01 /* RegisterView.swift */; };
		81C2649A2A137D2900405B01 /* LoginAllView.swift in Sources */ = {isa = PBXBuildFile; fileRef = 81C264992A137D2900405B01 /* LoginAllView.swift */; };
		81C2649C2A13B73600405B01 /* UserRouter.swift in Sources */ = {isa = PBXBuildFile; fileRef = 81C2649B2A13B73600405B01 /* UserRouter.swift */; };
		81C2649E2A13B7AA00405B01 /* UserApiService.swift in Sources */ = {isa = PBXBuildFile; fileRef = 81C2649D2A13B7AA00405B01 /* UserApiService.swift */; };
		81D1212F2A2739F2003F3780 /* ExploreView.swift in Sources */ = {isa = PBXBuildFile; fileRef = 81D1212E2A2739F2003F3780 /* ExploreView.swift */; };
		81D121322A276D08003F3780 /* SwiftUIFlowLayout in Frameworks */ = {isa = PBXBuildFile; productRef = 81D121312A276D08003F3780 /* SwiftUIFlowLayout */; };
		81DB1FB529E51CCE002C0840 /* SettingFilter.swift in Sources */ = {isa = PBXBuildFile; fileRef = 81DB1FB429E51CCE002C0840 /* SettingFilter.swift */; };
		81DB1FB929E549C5002C0840 /* RoundShape.swift in Sources */ = {isa = PBXBuildFile; fileRef = 81DB1FB829E549C5002C0840 /* RoundShape.swift */; };
		81DB1FBF29E56CA8002C0840 /* Wave.swift in Sources */ = {isa = PBXBuildFile; fileRef = 81DB1FBE29E56CA8002C0840 /* Wave.swift */; };
		81DB1FC229E56D1E002C0840 /* CustomTextField.swift in Sources */ = {isa = PBXBuildFile; fileRef = 81DB1FC129E56D1E002C0840 /* CustomTextField.swift */; };
		81DB1FC729E6A8BB002C0840 /* BackgroundView.swift in Sources */ = {isa = PBXBuildFile; fileRef = 81DB1FC629E6A8BB002C0840 /* BackgroundView.swift */; };
		81DB1FCA29E6C2E2002C0840 /* GenderSelectView.swift in Sources */ = {isa = PBXBuildFile; fileRef = 81DB1FC929E6C2E2002C0840 /* GenderSelectView.swift */; };
		81DB1FCF29E6D34F002C0840 /* NicknameSelectView.swift in Sources */ = {isa = PBXBuildFile; fileRef = 81DB1FCE29E6D34F002C0840 /* NicknameSelectView.swift */; };
		81DB1FD129E6D717002C0840 /* SelectGenreView.swift in Sources */ = {isa = PBXBuildFile; fileRef = 81DB1FD029E6D717002C0840 /* SelectGenreView.swift */; };
		81DB1FD629E7D03B002C0840 /* KeyBoard.swift in Sources */ = {isa = PBXBuildFile; fileRef = 81DB1FD529E7D03B002C0840 /* KeyBoard.swift */; };
		81DB1FD829E7D63C002C0840 /* RegisterTabView.swift in Sources */ = {isa = PBXBuildFile; fileRef = 81DB1FD729E7D63C002C0840 /* RegisterTabView.swift */; };
		81E2F8AA2A8F4FDD003E53DC /* CertificationFilter.swift in Sources */ = {isa = PBXBuildFile; fileRef = 81E2F8A92A8F4FDD003E53DC /* CertificationFilter.swift */; };
		81F259292AB05D5B00C54668 /* ReviewDetailsView.swift in Sources */ = {isa = PBXBuildFile; fileRef = 81F259282AB05D5B00C54668 /* ReviewDetailsView.swift */; };
		81F2592B2AB0656B00C54668 /* ReviewRouter.swift in Sources */ = {isa = PBXBuildFile; fileRef = 81F2592A2AB0656B00C54668 /* ReviewRouter.swift */; };
		81F2592F2AB073BB00C54668 /* ReviewApiService.swift in Sources */ = {isa = PBXBuildFile; fileRef = 81F2592E2AB073BB00C54668 /* ReviewApiService.swift */; };
		81F259352AB07FD800C54668 /* ReviewViewModel.swift in Sources */ = {isa = PBXBuildFile; fileRef = 81F259342AB07FD800C54668 /* ReviewViewModel.swift */; };
		81F259372AB0892300C54668 /* ReadReview.swift in Sources */ = {isa = PBXBuildFile; fileRef = 81F259362AB0892300C54668 /* ReadReview.swift */; };
		81F259392AB09A4300C54668 /* UpdateReview.swift in Sources */ = {isa = PBXBuildFile; fileRef = 81F259382AB09A4300C54668 /* UpdateReview.swift */; };
		81F2593B2AB09FA200C54668 /* DeleteReview.swift in Sources */ = {isa = PBXBuildFile; fileRef = 81F2593A2AB09FA200C54668 /* DeleteReview.swift */; };
/* End PBXBuildFile section */

/* Begin PBXContainerItemProxy section */
		8103094E29D1BDF00021717B /* PBXContainerItemProxy */ = {
			isa = PBXContainerItemProxy;
			containerPortal = 8103093529D1BDEF0021717B /* Project object */;
			proxyType = 1;
			remoteGlobalIDString = 8103093C29D1BDEF0021717B;
			remoteInfo = IMAD_Project;
		};
		8103095829D1BDF00021717B /* PBXContainerItemProxy */ = {
			isa = PBXContainerItemProxy;
			containerPortal = 8103093529D1BDEF0021717B /* Project object */;
			proxyType = 1;
			remoteGlobalIDString = 8103093C29D1BDEF0021717B;
			remoteInfo = IMAD_Project;
		};
/* End PBXContainerItemProxy section */

/* Begin PBXFileReference section */
		8103093D29D1BDEF0021717B /* IMAD_Project.app */ = {isa = PBXFileReference; explicitFileType = wrapper.application; includeInIndex = 0; path = IMAD_Project.app; sourceTree = BUILT_PRODUCTS_DIR; };
		8103094029D1BDEF0021717B /* IMAD_ProjectApp.swift */ = {isa = PBXFileReference; lastKnownFileType = sourcecode.swift; path = IMAD_ProjectApp.swift; sourceTree = "<group>"; };
		8103094229D1BDEF0021717B /* ContentView.swift */ = {isa = PBXFileReference; lastKnownFileType = sourcecode.swift; path = ContentView.swift; sourceTree = "<group>"; };
		8103094429D1BDF00021717B /* Assets.xcassets */ = {isa = PBXFileReference; lastKnownFileType = folder.assetcatalog; path = Assets.xcassets; sourceTree = "<group>"; };
		8103094729D1BDF00021717B /* Preview Assets.xcassets */ = {isa = PBXFileReference; lastKnownFileType = folder.assetcatalog; path = "Preview Assets.xcassets"; sourceTree = "<group>"; };
		8103094D29D1BDF00021717B /* IMAD_ProjectTests.xctest */ = {isa = PBXFileReference; explicitFileType = wrapper.cfbundle; includeInIndex = 0; path = IMAD_ProjectTests.xctest; sourceTree = BUILT_PRODUCTS_DIR; };
		8103095129D1BDF00021717B /* IMAD_ProjectTests.swift */ = {isa = PBXFileReference; lastKnownFileType = sourcecode.swift; path = IMAD_ProjectTests.swift; sourceTree = "<group>"; };
		8103095729D1BDF00021717B /* IMAD_ProjectUITests.xctest */ = {isa = PBXFileReference; explicitFileType = wrapper.cfbundle; includeInIndex = 0; path = IMAD_ProjectUITests.xctest; sourceTree = BUILT_PRODUCTS_DIR; };
		8103095B29D1BDF00021717B /* IMAD_ProjectUITests.swift */ = {isa = PBXFileReference; lastKnownFileType = sourcecode.swift; path = IMAD_ProjectUITests.swift; sourceTree = "<group>"; };
		8103095D29D1BDF00021717B /* IMAD_ProjectUITestsLaunchTests.swift */ = {isa = PBXFileReference; lastKnownFileType = sourcecode.swift; path = IMAD_ProjectUITestsLaunchTests.swift; sourceTree = "<group>"; };
		810B4E9D2A2CDE0E00714A2B /* CustomProgressView.swift */ = {isa = PBXFileReference; lastKnownFileType = sourcecode.swift; path = CustomProgressView.swift; sourceTree = "<group>"; };
		81135F482AB7DBE900E784FD /* ReviewLike.swift */ = {isa = PBXFileReference; lastKnownFileType = sourcecode.swift; path = ReviewLike.swift; sourceTree = "<group>"; };
		811536D32A173EED003F8273 /* Data.swift */ = {isa = PBXFileReference; lastKnownFileType = sourcecode.swift; path = Data.swift; sourceTree = "<group>"; };
		8115A6422A8391BE00B7C3FE /* WorkResults.swift */ = {isa = PBXFileReference; lastKnownFileType = sourcecode.swift; path = WorkResults.swift; sourceTree = "<group>"; };
		8115A6442A83940800B7C3FE /* WorkRouter.swift */ = {isa = PBXFileReference; lastKnownFileType = sourcecode.swift; path = WorkRouter.swift; sourceTree = "<group>"; };
		8115A6462A8395C500B7C3FE /* WorkApiService.swift */ = {isa = PBXFileReference; lastKnownFileType = sourcecode.swift; path = WorkApiService.swift; sourceTree = "<group>"; };
		8115A6492A8396C800B7C3FE /* WorkData.swift */ = {isa = PBXFileReference; lastKnownFileType = sourcecode.swift; path = WorkData.swift; sourceTree = "<group>"; };
		8115A64B2A83973F00B7C3FE /* SearchWork.swift */ = {isa = PBXFileReference; lastKnownFileType = sourcecode.swift; path = SearchWork.swift; sourceTree = "<group>"; };
		8115A6532A85C1D300B7C3FE /* SearchViewModel.swift */ = {isa = PBXFileReference; lastKnownFileType = sourcecode.swift; path = SearchViewModel.swift; sourceTree = "<group>"; };
		8115A6552A85D7DB00B7C3FE /* MovieTypeFilter.swift */ = {isa = PBXFileReference; lastKnownFileType = sourcecode.swift; path = MovieTypeFilter.swift; sourceTree = "<group>"; };
		8115A6572A8A166200B7C3FE /* TVGenreFilter.swift */ = {isa = PBXFileReference; lastKnownFileType = sourcecode.swift; path = TVGenreFilter.swift; sourceTree = "<group>"; };
		8115A6592A8A170700B7C3FE /* MovieGenreFilter.swift */ = {isa = PBXFileReference; lastKnownFileType = sourcecode.swift; path = MovieGenreFilter.swift; sourceTree = "<group>"; };
		8115A65B2A8F2EF400B7C3FE /* WorkInfo.swift */ = {isa = PBXFileReference; lastKnownFileType = sourcecode.swift; path = WorkInfo.swift; sourceTree = "<group>"; };
		8115A65D2A8F30F700B7C3FE /* Work.swift */ = {isa = PBXFileReference; lastKnownFileType = sourcecode.swift; path = Work.swift; sourceTree = "<group>"; };
		8115A6612A8F320B00B7C3FE /* Array.swift */ = {isa = PBXFileReference; lastKnownFileType = sourcecode.swift; path = Array.swift; sourceTree = "<group>"; };
		8115A6632A8F38A800B7C3FE /* WorkViewModel.swift */ = {isa = PBXFileReference; lastKnownFileType = sourcecode.swift; path = WorkViewModel.swift; sourceTree = "<group>"; };
		8115A6662A8F3B3E00B7C3FE /* String.swift */ = {isa = PBXFileReference; lastKnownFileType = sourcecode.swift; path = String.swift; sourceTree = "<group>"; };
		811DA16829E9332500482A6A /* WriteReview.swift */ = {isa = PBXFileReference; lastKnownFileType = sourcecode.swift; path = WriteReview.swift; sourceTree = "<group>"; };
		811DA16A29E94D9D00482A6A /* UserReview.swift */ = {isa = PBXFileReference; lastKnownFileType = sourcecode.swift; path = UserReview.swift; sourceTree = "<group>"; };
		811DA16C29E978DB00482A6A /* CommunityPostView.swift */ = {isa = PBXFileReference; lastKnownFileType = sourcecode.swift; path = CommunityPostView.swift; sourceTree = "<group>"; };
		8124CB3429EFB16A00B446D5 /* WriteReviewView.swift */ = {isa = PBXFileReference; lastKnownFileType = sourcecode.swift; path = WriteReviewView.swift; sourceTree = "<group>"; };
		8124CB3629F00FCD00B446D5 /* MyReviewView.swift */ = {isa = PBXFileReference; lastKnownFileType = sourcecode.swift; path = MyReviewView.swift; sourceTree = "<group>"; };
		8124CB3929F0175F00B446D5 /* WorkListView.swift */ = {isa = PBXFileReference; lastKnownFileType = sourcecode.swift; path = WorkListView.swift; sourceTree = "<group>"; };
		812CDE9329DE92000003B993 /* CommunityView.swift */ = {isa = PBXFileReference; lastKnownFileType = sourcecode.swift; path = CommunityView.swift; sourceTree = "<group>"; };
		812CDE9529DE9CD50003B993 /* CommunityFilter.swift */ = {isa = PBXFileReference; lastKnownFileType = sourcecode.swift; path = CommunityFilter.swift; sourceTree = "<group>"; };
		812CDE9929DE9ECB0003B993 /* TabViewModel.swift */ = {isa = PBXFileReference; lastKnownFileType = sourcecode.swift; path = TabViewModel.swift; sourceTree = "<group>"; };
		812CDE9D29DEA22D0003B993 /* CommunityTabViewModel.swift */ = {isa = PBXFileReference; lastKnownFileType = sourcecode.swift; path = CommunityTabViewModel.swift; sourceTree = "<group>"; };
		812CDE9F29DEAA850003B993 /* CommunityListRowView.swift */ = {isa = PBXFileReference; lastKnownFileType = sourcecode.swift; path = CommunityListRowView.swift; sourceTree = "<group>"; };
		812CDEA229DEAE880003B993 /* Community.swift */ = {isa = PBXFileReference; lastKnownFileType = sourcecode.swift; path = Community.swift; sourceTree = "<group>"; };
		812CDEA529DEC18E0003B993 /* NotificationView.swift */ = {isa = PBXFileReference; lastKnownFileType = sourcecode.swift; path = NotificationView.swift; sourceTree = "<group>"; };
		812CDEA929DF0BF20003B993 /* Notific.swift */ = {isa = PBXFileReference; lastKnownFileType = sourcecode.swift; path = Notific.swift; sourceTree = "<group>"; };
		812EF9D229E1B5E700CE19DA /* ProfileView.swift */ = {isa = PBXFileReference; lastKnownFileType = sourcecode.swift; path = ProfileView.swift; sourceTree = "<group>"; };
		814046FD2A284BC200B77EFD /* FilterCoverView.swift */ = {isa = PBXFileReference; lastKnownFileType = sourcecode.swift; path = FilterCoverView.swift; sourceTree = "<group>"; };
		817860112A2992D6004639F6 /* ContriesFilter.swift */ = {isa = PBXFileReference; lastKnownFileType = sourcecode.swift; path = ContriesFilter.swift; sourceTree = "<group>"; };
		817860142A29A6C3004639F6 /* WorkView.swift */ = {isa = PBXFileReference; lastKnownFileType = sourcecode.swift; path = WorkView.swift; sourceTree = "<group>"; };
		817860162A29B1DD004639F6 /* WorkFilter.swift */ = {isa = PBXFileReference; lastKnownFileType = sourcecode.swift; path = WorkFilter.swift; sourceTree = "<group>"; };
		8178601A2A29C6F9004639F6 /* WorkInfoView.swift */ = {isa = PBXFileReference; lastKnownFileType = sourcecode.swift; path = WorkInfoView.swift; sourceTree = "<group>"; };
		8178601C2A29CDAA004639F6 /* CustomSlider.swift */ = {isa = PBXFileReference; lastKnownFileType = sourcecode.swift; path = CustomSlider.swift; sourceTree = "<group>"; };
		8178601E2A29CDD3004639F6 /* TestView.swift */ = {isa = PBXFileReference; lastKnownFileType = sourcecode.swift; path = TestView.swift; sourceTree = "<group>"; };
		817860202A29ECA7004639F6 /* CommunityWriteView.swift */ = {isa = PBXFileReference; lastKnownFileType = sourcecode.swift; path = CommunityWriteView.swift; sourceTree = "<group>"; };
		817B60CC2A236F00000099A9 /* CheckRouter.swift */ = {isa = PBXFileReference; lastKnownFileType = sourcecode.swift; path = CheckRouter.swift; sourceTree = "<group>"; };
		817B60CE2A2370C1000099A9 /* CheckApiService.swift */ = {isa = PBXFileReference; lastKnownFileType = sourcecode.swift; path = CheckApiService.swift; sourceTree = "<group>"; };
		817B60D12A237248000099A9 /* CheckDataViewModel.swift */ = {isa = PBXFileReference; lastKnownFileType = sourcecode.swift; path = CheckDataViewModel.swift; sourceTree = "<group>"; };
		817B60D32A237436000099A9 /* Validation.swift */ = {isa = PBXFileReference; lastKnownFileType = sourcecode.swift; path = Validation.swift; sourceTree = "<group>"; };
		817B60D52A23747F000099A9 /* ValidationResponse.swift */ = {isa = PBXFileReference; lastKnownFileType = sourcecode.swift; path = ValidationResponse.swift; sourceTree = "<group>"; };
		817BBB3729EE982F00E1CBA6 /* ProfileChangeView.swift */ = {isa = PBXFileReference; lastKnownFileType = sourcecode.swift; path = ProfileChangeView.swift; sourceTree = "<group>"; };
		817BBB3929EED13400E1CBA6 /* InfoChangeView.swift */ = {isa = PBXFileReference; lastKnownFileType = sourcecode.swift; path = InfoChangeView.swift; sourceTree = "<group>"; };
		818CF7EE2A20764C00BABA1F /* OnBoardingView.swift */ = {isa = PBXFileReference; lastKnownFileType = sourcecode.swift; path = OnBoardingView.swift; sourceTree = "<group>"; };
		818CF7F12A207CFF00BABA1F /* OnBoardingTabView.swift */ = {isa = PBXFileReference; lastKnownFileType = sourcecode.swift; path = OnBoardingTabView.swift; sourceTree = "<group>"; };
		818CF7F72A20929800BABA1F /* ProfileSelectView.swift */ = {isa = PBXFileReference; lastKnownFileType = sourcecode.swift; path = ProfileSelectView.swift; sourceTree = "<group>"; };
		818CF7F92A20AAE500BABA1F /* AgeSelectView.swift */ = {isa = PBXFileReference; lastKnownFileType = sourcecode.swift; path = AgeSelectView.swift; sourceTree = "<group>"; };
		818CF7FD2A21B7E000BABA1F /* RegisterFilter.swift */ = {isa = PBXFileReference; lastKnownFileType = sourcecode.swift; path = RegisterFilter.swift; sourceTree = "<group>"; };
		819C506D2A0F467B0008F4A5 /* UserDefaultManager.swift */ = {isa = PBXFileReference; lastKnownFileType = sourcecode.swift; path = UserDefaultManager.swift; sourceTree = "<group>"; };
		819C506F2A0F8AFC0008F4A5 /* RegisterResponse.swift */ = {isa = PBXFileReference; lastKnownFileType = sourcecode.swift; path = RegisterResponse.swift; sourceTree = "<group>"; };
		819D49992A9338AD008B7BFE /* Season.swift */ = {isa = PBXFileReference; lastKnownFileType = sourcecode.swift; path = Season.swift; sourceTree = "<group>"; };
		819D499B2A933A3F008B7BFE /* Credit.swift */ = {isa = PBXFileReference; lastKnownFileType = sourcecode.swift; path = Credit.swift; sourceTree = "<group>"; };
		819D499D2A933A5C008B7BFE /* Network.swift */ = {isa = PBXFileReference; lastKnownFileType = sourcecode.swift; path = Network.swift; sourceTree = "<group>"; };
		819D499F2A933AEC008B7BFE /* Person.swift */ = {isa = PBXFileReference; lastKnownFileType = sourcecode.swift; path = Person.swift; sourceTree = "<group>"; };
		819D49A72A9383BA008B7BFE /* NoImageView.swift */ = {isa = PBXFileReference; lastKnownFileType = sourcecode.swift; path = NoImageView.swift; sourceTree = "<group>"; };
		81A1ECDF29DACB720001A366 /* SplashView.swift */ = {isa = PBXFileReference; lastKnownFileType = sourcecode.swift; path = SplashView.swift; sourceTree = "<group>"; };
		81A1ECE229DC207F0001A366 /* ColorSet.swift */ = {isa = PBXFileReference; lastKnownFileType = sourcecode.swift; path = ColorSet.swift; sourceTree = "<group>"; };
		81A1ECE429DC3FA30001A366 /* MainView.swift */ = {isa = PBXFileReference; lastKnownFileType = sourcecode.swift; path = MainView.swift; sourceTree = "<group>"; };
		81A1ECE629DC40D50001A366 /* CustomData.swift */ = {isa = PBXFileReference; lastKnownFileType = sourcecode.swift; path = CustomData.swift; sourceTree = "<group>"; };
		81A1ECF129DD3BBC0001A366 /* MenuTabView.swift */ = {isa = PBXFileReference; lastKnownFileType = sourcecode.swift; path = MenuTabView.swift; sourceTree = "<group>"; };
		81A1ECF829DD6BE70001A366 /* Tab.swift */ = {isa = PBXFileReference; lastKnownFileType = sourcecode.swift; path = Tab.swift; sourceTree = "<group>"; };
		81A285F42AAC5CC300703C55 /* MovieBackgroundView.swift */ = {isa = PBXFileReference; lastKnownFileType = sourcecode.swift; path = MovieBackgroundView.swift; sourceTree = "<group>"; };
		81AFC7202A25A11E00051F59 /* EmailFilter.swift */ = {isa = PBXFileReference; lastKnownFileType = sourcecode.swift; path = EmailFilter.swift; sourceTree = "<group>"; };
		81BB11012A061198005654AA /* AuthRouter.swift */ = {isa = PBXFileReference; lastKnownFileType = sourcecode.swift; path = AuthRouter.swift; sourceTree = "<group>"; };
		81BB11032A061457005654AA /* ApiClient.swift */ = {isa = PBXFileReference; lastKnownFileType = sourcecode.swift; path = ApiClient.swift; sourceTree = "<group>"; };
		81BB11052A0614D1005654AA /* ApiLogger.swift */ = {isa = PBXFileReference; lastKnownFileType = sourcecode.swift; path = ApiLogger.swift; sourceTree = "<group>"; };
		81BB11082A061772005654AA /* AuthApiService.swift */ = {isa = PBXFileReference; lastKnownFileType = sourcecode.swift; path = AuthApiService.swift; sourceTree = "<group>"; };
		81BB110B2A0617B8005654AA /* BaseIntercept.swift */ = {isa = PBXFileReference; lastKnownFileType = sourcecode.swift; path = BaseIntercept.swift; sourceTree = "<group>"; };
		81BB110F2A061E42005654AA /* Token.swift */ = {isa = PBXFileReference; lastKnownFileType = sourcecode.swift; path = Token.swift; sourceTree = "<group>"; };
		81BB11132A0622AC005654AA /* AuthViewModel.swift */ = {isa = PBXFileReference; lastKnownFileType = sourcecode.swift; path = AuthViewModel.swift; sourceTree = "<group>"; };
		81BB11282A06421A005654AA /* IMAD-Project-Info.plist */ = {isa = PBXFileReference; lastKnownFileType = text.plist; path = "IMAD-Project-Info.plist"; sourceTree = SOURCE_ROOT; };
		81BB11292A0642E8005654AA /* Config.xcconfig */ = {isa = PBXFileReference; lastKnownFileType = text.xcconfig; path = Config.xcconfig; sourceTree = "<group>"; };
		81BB112D2A0658CC005654AA /* LoginResponse.swift */ = {isa = PBXFileReference; lastKnownFileType = sourcecode.swift; path = LoginResponse.swift; sourceTree = "<group>"; };
		81C0DC5A2A14B1220022A3EE /* GetUserInfo.swift */ = {isa = PBXFileReference; lastKnownFileType = sourcecode.swift; path = GetUserInfo.swift; sourceTree = "<group>"; };
		81C0DC5E2A14D01D0022A3EE /* ProfileFilter.swift */ = {isa = PBXFileReference; lastKnownFileType = sourcecode.swift; path = ProfileFilter.swift; sourceTree = "<group>"; };
		81C1EB7C2AB3581E00FB265D /* ReviewView.swift */ = {isa = PBXFileReference; fileEncoding = 4; lastKnownFileType = sourcecode.swift; path = ReviewView.swift; sourceTree = "<group>"; };
		81C1EB802AB400AB00FB265D /* ReadReviewList.swift */ = {isa = PBXFileReference; lastKnownFileType = sourcecode.swift; path = ReadReviewList.swift; sourceTree = "<group>"; };
		81C1EB822AB4332600FB265D /* ReviewSortFilter.swift */ = {isa = PBXFileReference; lastKnownFileType = sourcecode.swift; path = ReviewSortFilter.swift; sourceTree = "<group>"; };
		81C1EB842AB4397600FB265D /* ReviewOrderFilter.swift */ = {isa = PBXFileReference; lastKnownFileType = sourcecode.swift; path = ReviewOrderFilter.swift; sourceTree = "<group>"; };
		81C1EB862AB43A6000FB265D /* ReviewListRowView.swift */ = {isa = PBXFileReference; lastKnownFileType = sourcecode.swift; path = ReviewListRowView.swift; sourceTree = "<group>"; };
		81C2648F2A135F8900405B01 /* AuthWebView.swift */ = {isa = PBXFileReference; lastKnownFileType = sourcecode.swift; path = AuthWebView.swift; sourceTree = "<group>"; };
		81C264932A1376AE00405B01 /* OauthFilter.swift */ = {isa = PBXFileReference; lastKnownFileType = sourcecode.swift; path = OauthFilter.swift; sourceTree = "<group>"; };
		81C264962A137CFF00405B01 /* RegisterView.swift */ = {isa = PBXFileReference; fileEncoding = 4; lastKnownFileType = sourcecode.swift; path = RegisterView.swift; sourceTree = "<group>"; };
		81C264992A137D2900405B01 /* LoginAllView.swift */ = {isa = PBXFileReference; lastKnownFileType = sourcecode.swift; path = LoginAllView.swift; sourceTree = "<group>"; };
		81C2649B2A13B73600405B01 /* UserRouter.swift */ = {isa = PBXFileReference; lastKnownFileType = sourcecode.swift; path = UserRouter.swift; sourceTree = "<group>"; };
		81C2649D2A13B7AA00405B01 /* UserApiService.swift */ = {isa = PBXFileReference; lastKnownFileType = sourcecode.swift; path = UserApiService.swift; sourceTree = "<group>"; };
		81D1212E2A2739F2003F3780 /* ExploreView.swift */ = {isa = PBXFileReference; lastKnownFileType = sourcecode.swift; path = ExploreView.swift; sourceTree = "<group>"; };
		81DB1FB429E51CCE002C0840 /* SettingFilter.swift */ = {isa = PBXFileReference; lastKnownFileType = sourcecode.swift; path = SettingFilter.swift; sourceTree = "<group>"; };
		81DB1FB829E549C5002C0840 /* RoundShape.swift */ = {isa = PBXFileReference; lastKnownFileType = sourcecode.swift; path = RoundShape.swift; sourceTree = "<group>"; };
		81DB1FBE29E56CA8002C0840 /* Wave.swift */ = {isa = PBXFileReference; lastKnownFileType = sourcecode.swift; path = Wave.swift; sourceTree = "<group>"; };
		81DB1FC129E56D1E002C0840 /* CustomTextField.swift */ = {isa = PBXFileReference; lastKnownFileType = sourcecode.swift; path = CustomTextField.swift; sourceTree = "<group>"; };
		81DB1FC629E6A8BB002C0840 /* BackgroundView.swift */ = {isa = PBXFileReference; lastKnownFileType = sourcecode.swift; path = BackgroundView.swift; sourceTree = "<group>"; };
		81DB1FC929E6C2E2002C0840 /* GenderSelectView.swift */ = {isa = PBXFileReference; lastKnownFileType = sourcecode.swift; path = GenderSelectView.swift; sourceTree = "<group>"; };
		81DB1FCE29E6D34F002C0840 /* NicknameSelectView.swift */ = {isa = PBXFileReference; lastKnownFileType = sourcecode.swift; path = NicknameSelectView.swift; sourceTree = "<group>"; };
		81DB1FD029E6D717002C0840 /* SelectGenreView.swift */ = {isa = PBXFileReference; lastKnownFileType = sourcecode.swift; path = SelectGenreView.swift; sourceTree = "<group>"; };
		81DB1FD529E7D03B002C0840 /* KeyBoard.swift */ = {isa = PBXFileReference; lastKnownFileType = sourcecode.swift; path = KeyBoard.swift; sourceTree = "<group>"; };
		81DB1FD729E7D63C002C0840 /* RegisterTabView.swift */ = {isa = PBXFileReference; lastKnownFileType = sourcecode.swift; path = RegisterTabView.swift; sourceTree = "<group>"; };
		81E2F8A92A8F4FDD003E53DC /* CertificationFilter.swift */ = {isa = PBXFileReference; lastKnownFileType = sourcecode.swift; path = CertificationFilter.swift; sourceTree = "<group>"; };
		81F259282AB05D5B00C54668 /* ReviewDetailsView.swift */ = {isa = PBXFileReference; lastKnownFileType = sourcecode.swift; path = ReviewDetailsView.swift; sourceTree = "<group>"; };
		81F2592A2AB0656B00C54668 /* ReviewRouter.swift */ = {isa = PBXFileReference; lastKnownFileType = sourcecode.swift; path = ReviewRouter.swift; sourceTree = "<group>"; };
		81F2592E2AB073BB00C54668 /* ReviewApiService.swift */ = {isa = PBXFileReference; lastKnownFileType = sourcecode.swift; path = ReviewApiService.swift; sourceTree = "<group>"; };
		81F259342AB07FD800C54668 /* ReviewViewModel.swift */ = {isa = PBXFileReference; lastKnownFileType = sourcecode.swift; path = ReviewViewModel.swift; sourceTree = "<group>"; };
		81F259362AB0892300C54668 /* ReadReview.swift */ = {isa = PBXFileReference; lastKnownFileType = sourcecode.swift; path = ReadReview.swift; sourceTree = "<group>"; };
		81F259382AB09A4300C54668 /* UpdateReview.swift */ = {isa = PBXFileReference; lastKnownFileType = sourcecode.swift; path = UpdateReview.swift; sourceTree = "<group>"; };
		81F2593A2AB09FA200C54668 /* DeleteReview.swift */ = {isa = PBXFileReference; lastKnownFileType = sourcecode.swift; path = DeleteReview.swift; sourceTree = "<group>"; };
/* End PBXFileReference section */

/* Begin PBXFrameworksBuildPhase section */
		8103093A29D1BDEF0021717B /* Frameworks */ = {
			isa = PBXFrameworksBuildPhase;
			buildActionMask = 2147483647;
			files = (
				81D121322A276D08003F3780 /* SwiftUIFlowLayout in Frameworks */,
				814047012A2863DF00B77EFD /* Sliders in Frameworks */,
				81A1ECEA29DC44370001A366 /* Kingfisher in Frameworks */,
				81BB10FF2A061055005654AA /* Alamofire in Frameworks */,
			);
			runOnlyForDeploymentPostprocessing = 0;
		};
		8103094A29D1BDF00021717B /* Frameworks */ = {
			isa = PBXFrameworksBuildPhase;
			buildActionMask = 2147483647;
			files = (
			);
			runOnlyForDeploymentPostprocessing = 0;
		};
		8103095429D1BDF00021717B /* Frameworks */ = {
			isa = PBXFrameworksBuildPhase;
			buildActionMask = 2147483647;
			files = (
			);
			runOnlyForDeploymentPostprocessing = 0;
		};
/* End PBXFrameworksBuildPhase section */

/* Begin PBXGroup section */
		8103093429D1BDEF0021717B = {
			isa = PBXGroup;
			children = (
				8103093F29D1BDEF0021717B /* IMAD_Project */,
				8103095029D1BDF00021717B /* IMAD_ProjectTests */,
				8103095A29D1BDF00021717B /* IMAD_ProjectUITests */,
				8103093E29D1BDEF0021717B /* Products */,
			);
			sourceTree = "<group>";
		};
		8103093E29D1BDEF0021717B /* Products */ = {
			isa = PBXGroup;
			children = (
				8103093D29D1BDEF0021717B /* IMAD_Project.app */,
				8103094D29D1BDF00021717B /* IMAD_ProjectTests.xctest */,
				8103095729D1BDF00021717B /* IMAD_ProjectUITests.xctest */,
			);
			name = Products;
			sourceTree = "<group>";
		};
		8103093F29D1BDEF0021717B /* IMAD_Project */ = {
			isa = PBXGroup;
			children = (
				8103094029D1BDEF0021717B /* IMAD_ProjectApp.swift */,
				81BB11282A06421A005654AA /* IMAD-Project-Info.plist */,
				819C506C2A0F465F0008F4A5 /* Manager */,
				819C50692A0E3E450008F4A5 /* Test */,
				81BB10FC2A05F706005654AA /* API */,
				81A1ECEB29DD1F8D0001A366 /* Filter */,
				81A1ECE129DC20730001A366 /* Set */,
				812CDEA129DEAE6D0003B993 /* Model */,
				812CDE9129DE91CD0003B993 /* Core */,
				8103094429D1BDF00021717B /* Assets.xcassets */,
				8103094629D1BDF00021717B /* Preview Content */,
				81BB11292A0642E8005654AA /* Config.xcconfig */,
			);
			path = IMAD_Project;
			sourceTree = "<group>";
		};
		8103094629D1BDF00021717B /* Preview Content */ = {
			isa = PBXGroup;
			children = (
				8103094729D1BDF00021717B /* Preview Assets.xcassets */,
			);
			path = "Preview Content";
			sourceTree = "<group>";
		};
		8103095029D1BDF00021717B /* IMAD_ProjectTests */ = {
			isa = PBXGroup;
			children = (
				8103095129D1BDF00021717B /* IMAD_ProjectTests.swift */,
			);
			path = IMAD_ProjectTests;
			sourceTree = "<group>";
		};
		8103095A29D1BDF00021717B /* IMAD_ProjectUITests */ = {
			isa = PBXGroup;
			children = (
				8103095B29D1BDF00021717B /* IMAD_ProjectUITests.swift */,
				8103095D29D1BDF00021717B /* IMAD_ProjectUITestsLaunchTests.swift */,
			);
			path = IMAD_ProjectUITests;
			sourceTree = "<group>";
		};
		81135F472AB7DBD800E784FD /* Like */ = {
			isa = PBXGroup;
			children = (
				81135F482AB7DBE900E784FD /* ReviewLike.swift */,
			);
			path = Like;
			sourceTree = "<group>";
		};
		8115A6482A8396AC00B7C3FE /* WorkInfo */ = {
			isa = PBXGroup;
			children = (
				819D49A32A933B1A008B7BFE /* Search */,
				8115A65D2A8F30F700B7C3FE /* Work.swift */,
				819D49A52A933B4D008B7BFE /* Work */,
			);
			path = WorkInfo;
			sourceTree = "<group>";
		};
		8115A64F2A83985800B7C3FE /* View */ = {
			isa = PBXGroup;
			children = (
				81D1212E2A2739F2003F3780 /* ExploreView.swift */,
				814046FD2A284BC200B77EFD /* FilterCoverView.swift */,
			);
			path = View;
			sourceTree = "<group>";
		};
		8115A65F2A8F317500B7C3FE /* View */ = {
			isa = PBXGroup;
			children = (
				8124CB3929F0175F00B446D5 /* WorkListView.swift */,
				817860142A29A6C3004639F6 /* WorkView.swift */,
				8178601A2A29C6F9004639F6 /* WorkInfoView.swift */,
			);
			name = View;
			path = "퍋ㅈ";
			sourceTree = "<group>";
		};
		8115A6602A8F317D00B7C3FE /* ViewModel */ = {
			isa = PBXGroup;
			children = (
				8115A6532A85C1D300B7C3FE /* SearchViewModel.swift */,
				8115A6632A8F38A800B7C3FE /* WorkViewModel.swift */,
			);
			path = ViewModel;
			sourceTree = "<group>";
		};
		811DA16529E92FD800482A6A /* Review */ = {
			isa = PBXGroup;
			children = (
				81F259322AB0793800C54668 /* View */,
				81F259312AB0793200C54668 /* ViewModel */,
			);
			path = Review;
			sourceTree = "<group>";
		};
		812CDE9129DE91CD0003B993 /* Core */ = {
			isa = PBXGroup;
			children = (
				817860132A29A6B0004639F6 /* Work */,
				81D1212D2A2739B6003F3780 /* Explore */,
				818CF7ED2A20762A00BABA1F /* OnBoarding */,
				811DA16529E92FD800482A6A /* Review */,
				81DB1FC829E6C2B9002C0840 /* Collection */,
				81DB1FC529E6A8A6002C0840 /* BackGround */,
				81DB1FC029E56D06002C0840 /* Custom */,
				81DB1FBA29E55079002C0840 /* Authentication */,
				812EF9D129E1B5D800CE19DA /* Profile */,
				812CDEA429DEC17E0003B993 /* Notification */,
				812CDE9229DE91E50003B993 /* Community */,
				81A1ECDE29DACB430001A366 /* Main */,
				81A1ECEF29DD3B840001A366 /* Menu */,
			);
			path = Core;
			sourceTree = "<group>";
		};
		812CDE9229DE91E50003B993 /* Community */ = {
			isa = PBXGroup;
			children = (
				812CDE9C29DEA2170003B993 /* ViewModel */,
				812CDE9B29DEA2110003B993 /* View */,
			);
			path = Community;
			sourceTree = "<group>";
		};
		812CDE9729DE9EA90003B993 /* View */ = {
			isa = PBXGroup;
			children = (
				81A1ECF129DD3BBC0001A366 /* MenuTabView.swift */,
			);
			path = View;
			sourceTree = "<group>";
		};
		812CDE9829DE9EAC0003B993 /* ViewModel */ = {
			isa = PBXGroup;
			children = (
				812CDE9929DE9ECB0003B993 /* TabViewModel.swift */,
			);
			path = ViewModel;
			sourceTree = "<group>";
		};
		812CDE9B29DEA2110003B993 /* View */ = {
			isa = PBXGroup;
			children = (
				812CDE9329DE92000003B993 /* CommunityView.swift */,
				812CDE9F29DEAA850003B993 /* CommunityListRowView.swift */,
				811DA16C29E978DB00482A6A /* CommunityPostView.swift */,
				817860202A29ECA7004639F6 /* CommunityWriteView.swift */,
			);
			path = View;
			sourceTree = "<group>";
		};
		812CDE9C29DEA2170003B993 /* ViewModel */ = {
			isa = PBXGroup;
			children = (
				812CDE9D29DEA22D0003B993 /* CommunityTabViewModel.swift */,
			);
			path = ViewModel;
			sourceTree = "<group>";
		};
		812CDEA129DEAE6D0003B993 /* Model */ = {
			isa = PBXGroup;
			children = (
				812CDEA229DEAE880003B993 /* Community.swift */,
				812CDEA929DF0BF20003B993 /* Notific.swift */,
				81BB11112A061E9E005654AA /* Auth */,
				8115A6482A8396AC00B7C3FE /* WorkInfo */,
				81F259302AB0763900C54668 /* Review */,
			);
			path = Model;
			sourceTree = "<group>";
		};
		812CDEA429DEC17E0003B993 /* Notification */ = {
			isa = PBXGroup;
			children = (
				812CDEA529DEC18E0003B993 /* NotificationView.swift */,
			);
			path = Notification;
			sourceTree = "<group>";
		};
		812EF9D129E1B5D800CE19DA /* Profile */ = {
			isa = PBXGroup;
			children = (
				812EF9D229E1B5E700CE19DA /* ProfileView.swift */,
				817BBB3729EE982F00E1CBA6 /* ProfileChangeView.swift */,
				817BBB3929EED13400E1CBA6 /* InfoChangeView.swift */,
			);
			path = Profile;
			sourceTree = "<group>";
		};
		817860132A29A6B0004639F6 /* Work */ = {
			isa = PBXGroup;
			children = (
				8115A6602A8F317D00B7C3FE /* ViewModel */,
				8115A65F2A8F317500B7C3FE /* View */,
			);
			path = Work;
			sourceTree = "<group>";
		};
		817B60D02A237233000099A9 /* ViewModel */ = {
			isa = PBXGroup;
			children = (
				817B60D12A237248000099A9 /* CheckDataViewModel.swift */,
			);
			path = ViewModel;
			sourceTree = "<group>";
		};
		818CF7ED2A20762A00BABA1F /* OnBoarding */ = {
			isa = PBXGroup;
			children = (
				818CF7EE2A20764C00BABA1F /* OnBoardingView.swift */,
				818CF7F12A207CFF00BABA1F /* OnBoardingTabView.swift */,
			);
			path = OnBoarding;
			sourceTree = "<group>";
		};
		819C50692A0E3E450008F4A5 /* Test */ = {
			isa = PBXGroup;
			children = (
				8178601E2A29CDD3004639F6 /* TestView.swift */,
			);
			path = Test;
			sourceTree = "<group>";
		};
		819C506C2A0F465F0008F4A5 /* Manager */ = {
			isa = PBXGroup;
			children = (
				819C506D2A0F467B0008F4A5 /* UserDefaultManager.swift */,
			);
			path = Manager;
			sourceTree = "<group>";
		};
		819D49A32A933B1A008B7BFE /* Search */ = {
			isa = PBXGroup;
			children = (
				8115A64B2A83973F00B7C3FE /* SearchWork.swift */,
			);
			path = Search;
			sourceTree = "<group>";
		};
		819D49A42A933B3B008B7BFE /* WorkInfo */ = {
			isa = PBXGroup;
			children = (
				819D49992A9338AD008B7BFE /* Season.swift */,
				819D499D2A933A5C008B7BFE /* Network.swift */,
				819D499B2A933A3F008B7BFE /* Credit.swift */,
				819D49A62A933B91008B7BFE /* Credit */,
			);
			path = WorkInfo;
			sourceTree = "<group>";
		};
		819D49A52A933B4D008B7BFE /* Work */ = {
			isa = PBXGroup;
			children = (
				8115A6422A8391BE00B7C3FE /* WorkResults.swift */,
				8115A6492A8396C800B7C3FE /* WorkData.swift */,
				8115A65B2A8F2EF400B7C3FE /* WorkInfo.swift */,
				819D49A42A933B3B008B7BFE /* WorkInfo */,
			);
			path = Work;
			sourceTree = "<group>";
		};
		819D49A62A933B91008B7BFE /* Credit */ = {
			isa = PBXGroup;
			children = (
				819D499F2A933AEC008B7BFE /* Person.swift */,
			);
			path = Credit;
			sourceTree = "<group>";
		};
		81A1ECDE29DACB430001A366 /* Main */ = {
			isa = PBXGroup;
			children = (
				8103094229D1BDEF0021717B /* ContentView.swift */,
				81A1ECDF29DACB720001A366 /* SplashView.swift */,
				81A1ECE429DC3FA30001A366 /* MainView.swift */,
			);
			path = Main;
			sourceTree = "<group>";
		};
		81A1ECE129DC20730001A366 /* Set */ = {
			isa = PBXGroup;
			children = (
				81A1ECE229DC207F0001A366 /* ColorSet.swift */,
				81A1ECE629DC40D50001A366 /* CustomData.swift */,
				81DB1FB829E549C5002C0840 /* RoundShape.swift */,
				81DB1FBE29E56CA8002C0840 /* Wave.swift */,
				81DB1FD529E7D03B002C0840 /* KeyBoard.swift */,
				811536D32A173EED003F8273 /* Data.swift */,
				8115A6612A8F320B00B7C3FE /* Array.swift */,
				8115A6662A8F3B3E00B7C3FE /* String.swift */,
			);
			path = Set;
			sourceTree = "<group>";
		};
		81A1ECEB29DD1F8D0001A366 /* Filter */ = {
			isa = PBXGroup;
			children = (
				81A1ECF829DD6BE70001A366 /* Tab.swift */,
				812CDE9529DE9CD50003B993 /* CommunityFilter.swift */,
				81DB1FB429E51CCE002C0840 /* SettingFilter.swift */,
				81C264932A1376AE00405B01 /* OauthFilter.swift */,
				81C0DC5E2A14D01D0022A3EE /* ProfileFilter.swift */,
				818CF7FD2A21B7E000BABA1F /* RegisterFilter.swift */,
				81AFC7202A25A11E00051F59 /* EmailFilter.swift */,
				817860112A2992D6004639F6 /* ContriesFilter.swift */,
				817860162A29B1DD004639F6 /* WorkFilter.swift */,
				8115A6552A85D7DB00B7C3FE /* MovieTypeFilter.swift */,
				8115A6572A8A166200B7C3FE /* TVGenreFilter.swift */,
				8115A6592A8A170700B7C3FE /* MovieGenreFilter.swift */,
				81E2F8A92A8F4FDD003E53DC /* CertificationFilter.swift */,
				81C1EB822AB4332600FB265D /* ReviewSortFilter.swift */,
				81C1EB842AB4397600FB265D /* ReviewOrderFilter.swift */,
			);
			path = Filter;
			sourceTree = "<group>";
		};
		81A1ECEF29DD3B840001A366 /* Menu */ = {
			isa = PBXGroup;
			children = (
				812CDE9829DE9EAC0003B993 /* ViewModel */,
				812CDE9729DE9EA90003B993 /* View */,
			);
			path = Menu;
			sourceTree = "<group>";
		};
		81BB10FC2A05F706005654AA /* API */ = {
			isa = PBXGroup;
			children = (
				81BB110A2A0617A8005654AA /* Intercept */,
				81BB11032A061457005654AA /* ApiClient.swift */,
				81BB11052A0614D1005654AA /* ApiLogger.swift */,
				81BB11002A061186005654AA /* Router */,
				81BB11072A061752005654AA /* Service */,
			);
			path = API;
			sourceTree = "<group>";
		};
		81BB11002A061186005654AA /* Router */ = {
			isa = PBXGroup;
			children = (
				81BB11012A061198005654AA /* AuthRouter.swift */,
				81C2649B2A13B73600405B01 /* UserRouter.swift */,
				817B60CC2A236F00000099A9 /* CheckRouter.swift */,
				8115A6442A83940800B7C3FE /* WorkRouter.swift */,
				81F2592A2AB0656B00C54668 /* ReviewRouter.swift */,
			);
			path = Router;
			sourceTree = "<group>";
		};
		81BB11072A061752005654AA /* Service */ = {
			isa = PBXGroup;
			children = (
				81BB11082A061772005654AA /* AuthApiService.swift */,
				81C2649D2A13B7AA00405B01 /* UserApiService.swift */,
				817B60CE2A2370C1000099A9 /* CheckApiService.swift */,
				8115A6462A8395C500B7C3FE /* WorkApiService.swift */,
				81F2592E2AB073BB00C54668 /* ReviewApiService.swift */,
			);
			path = Service;
			sourceTree = "<group>";
		};
		81BB110A2A0617A8005654AA /* Intercept */ = {
			isa = PBXGroup;
			children = (
				81BB110B2A0617B8005654AA /* BaseIntercept.swift */,
			);
			path = Intercept;
			sourceTree = "<group>";
		};
		81BB11112A061E9E005654AA /* Auth */ = {
			isa = PBXGroup;
			children = (
				81BB110F2A061E42005654AA /* Token.swift */,
				81BB112D2A0658CC005654AA /* LoginResponse.swift */,
				819C506F2A0F8AFC0008F4A5 /* RegisterResponse.swift */,
				81C0DC5A2A14B1220022A3EE /* GetUserInfo.swift */,
				817B60D32A237436000099A9 /* Validation.swift */,
				817B60D52A23747F000099A9 /* ValidationResponse.swift */,
			);
			path = Auth;
			sourceTree = "<group>";
		};
		81BB11122A06229C005654AA /* ViewModel */ = {
			isa = PBXGroup;
			children = (
				81BB11132A0622AC005654AA /* AuthViewModel.swift */,
			);
			path = ViewModel;
			sourceTree = "<group>";
		};
		81D1212D2A2739B6003F3780 /* Explore */ = {
			isa = PBXGroup;
			children = (
				8115A64F2A83985800B7C3FE /* View */,
			);
			path = Explore;
			sourceTree = "<group>";
		};
		81DB1FBA29E55079002C0840 /* Authentication */ = {
			isa = PBXGroup;
			children = (
				81BB11122A06229C005654AA /* ViewModel */,
				81DB1FBB29E55084002C0840 /* View */,
			);
			path = Authentication;
			sourceTree = "<group>";
		};
		81DB1FBB29E55084002C0840 /* View */ = {
			isa = PBXGroup;
			children = (
				81C264992A137D2900405B01 /* LoginAllView.swift */,
				81C264962A137CFF00405B01 /* RegisterView.swift */,
				81C2648F2A135F8900405B01 /* AuthWebView.swift */,
			);
			path = View;
			sourceTree = "<group>";
		};
		81DB1FC029E56D06002C0840 /* Custom */ = {
			isa = PBXGroup;
			children = (
				81DB1FC129E56D1E002C0840 /* CustomTextField.swift */,
				8178601C2A29CDAA004639F6 /* CustomSlider.swift */,
				810B4E9D2A2CDE0E00714A2B /* CustomProgressView.swift */,
				819D49A72A9383BA008B7BFE /* NoImageView.swift */,
				81A285F42AAC5CC300703C55 /* MovieBackgroundView.swift */,
			);
			path = Custom;
			sourceTree = "<group>";
		};
		81DB1FC529E6A8A6002C0840 /* BackGround */ = {
			isa = PBXGroup;
			children = (
				81DB1FC629E6A8BB002C0840 /* BackgroundView.swift */,
			);
			path = BackGround;
			sourceTree = "<group>";
		};
		81DB1FC829E6C2B9002C0840 /* Collection */ = {
			isa = PBXGroup;
			children = (
				817B60D02A237233000099A9 /* ViewModel */,
				81DB1FDE29E7F337002C0840 /* View */,
			);
			path = Collection;
			sourceTree = "<group>";
		};
		81DB1FDE29E7F337002C0840 /* View */ = {
			isa = PBXGroup;
			children = (
				81DB1FCE29E6D34F002C0840 /* NicknameSelectView.swift */,
				81DB1FC929E6C2E2002C0840 /* GenderSelectView.swift */,
				818CF7F92A20AAE500BABA1F /* AgeSelectView.swift */,
				81DB1FD029E6D717002C0840 /* SelectGenreView.swift */,
				818CF7F72A20929800BABA1F /* ProfileSelectView.swift */,
				81DB1FD729E7D63C002C0840 /* RegisterTabView.swift */,
			);
			path = View;
			sourceTree = "<group>";
		};
		81F259302AB0763900C54668 /* Review */ = {
			isa = PBXGroup;
			children = (
				81135F472AB7DBD800E784FD /* Like */,
				811DA16A29E94D9D00482A6A /* UserReview.swift */,
				811DA16829E9332500482A6A /* WriteReview.swift */,
				81F259362AB0892300C54668 /* ReadReview.swift */,
				81F259382AB09A4300C54668 /* UpdateReview.swift */,
				81F2593A2AB09FA200C54668 /* DeleteReview.swift */,
				81C1EB802AB400AB00FB265D /* ReadReviewList.swift */,
			);
			path = Review;
			sourceTree = "<group>";
		};
		81F259312AB0793200C54668 /* ViewModel */ = {
			isa = PBXGroup;
			children = (
				81F259342AB07FD800C54668 /* ReviewViewModel.swift */,
			);
			path = ViewModel;
			sourceTree = "<group>";
		};
		81F259322AB0793800C54668 /* View */ = {
			isa = PBXGroup;
			children = (
				81C1EB7C2AB3581E00FB265D /* ReviewView.swift */,
				8124CB3429EFB16A00B446D5 /* WriteReviewView.swift */,
				8124CB3629F00FCD00B446D5 /* MyReviewView.swift */,
				81F259282AB05D5B00C54668 /* ReviewDetailsView.swift */,
				81C1EB862AB43A6000FB265D /* ReviewListRowView.swift */,
			);
			path = View;
			sourceTree = "<group>";
		};
/* End PBXGroup section */

/* Begin PBXNativeTarget section */
		8103093C29D1BDEF0021717B /* IMAD_Project */ = {
			isa = PBXNativeTarget;
			buildConfigurationList = 8103096129D1BDF00021717B /* Build configuration list for PBXNativeTarget "IMAD_Project" */;
			buildPhases = (
				8103093929D1BDEF0021717B /* Sources */,
				8103093A29D1BDEF0021717B /* Frameworks */,
				8103093B29D1BDEF0021717B /* Resources */,
			);
			buildRules = (
			);
			dependencies = (
			);
			name = IMAD_Project;
			packageProductDependencies = (
				81A1ECE929DC44370001A366 /* Kingfisher */,
				81BB10FE2A061055005654AA /* Alamofire */,
				81D121312A276D08003F3780 /* SwiftUIFlowLayout */,
				814047002A2863DF00B77EFD /* Sliders */,
			);
			productName = IMAD_Project;
			productReference = 8103093D29D1BDEF0021717B /* IMAD_Project.app */;
			productType = "com.apple.product-type.application";
		};
		8103094C29D1BDF00021717B /* IMAD_ProjectTests */ = {
			isa = PBXNativeTarget;
			buildConfigurationList = 8103096429D1BDF00021717B /* Build configuration list for PBXNativeTarget "IMAD_ProjectTests" */;
			buildPhases = (
				8103094929D1BDF00021717B /* Sources */,
				8103094A29D1BDF00021717B /* Frameworks */,
				8103094B29D1BDF00021717B /* Resources */,
			);
			buildRules = (
			);
			dependencies = (
				8103094F29D1BDF00021717B /* PBXTargetDependency */,
			);
			name = IMAD_ProjectTests;
			productName = IMAD_ProjectTests;
			productReference = 8103094D29D1BDF00021717B /* IMAD_ProjectTests.xctest */;
			productType = "com.apple.product-type.bundle.unit-test";
		};
		8103095629D1BDF00021717B /* IMAD_ProjectUITests */ = {
			isa = PBXNativeTarget;
			buildConfigurationList = 8103096729D1BDF00021717B /* Build configuration list for PBXNativeTarget "IMAD_ProjectUITests" */;
			buildPhases = (
				8103095329D1BDF00021717B /* Sources */,
				8103095429D1BDF00021717B /* Frameworks */,
				8103095529D1BDF00021717B /* Resources */,
			);
			buildRules = (
			);
			dependencies = (
				8103095929D1BDF00021717B /* PBXTargetDependency */,
			);
			name = IMAD_ProjectUITests;
			productName = IMAD_ProjectUITests;
			productReference = 8103095729D1BDF00021717B /* IMAD_ProjectUITests.xctest */;
			productType = "com.apple.product-type.bundle.ui-testing";
		};
/* End PBXNativeTarget section */

/* Begin PBXProject section */
		8103093529D1BDEF0021717B /* Project object */ = {
			isa = PBXProject;
			attributes = {
				BuildIndependentTargetsInParallel = 1;
				LastSwiftUpdateCheck = 1420;
				LastUpgradeCheck = 1420;
				TargetAttributes = {
					8103093C29D1BDEF0021717B = {
						CreatedOnToolsVersion = 14.2;
					};
					8103094C29D1BDF00021717B = {
						CreatedOnToolsVersion = 14.2;
						TestTargetID = 8103093C29D1BDEF0021717B;
					};
					8103095629D1BDF00021717B = {
						CreatedOnToolsVersion = 14.2;
						TestTargetID = 8103093C29D1BDEF0021717B;
					};
				};
			};
			buildConfigurationList = 8103093829D1BDEF0021717B /* Build configuration list for PBXProject "IMAD_Project" */;
			compatibilityVersion = "Xcode 14.0";
			developmentRegion = en;
			hasScannedForEncodings = 0;
			knownRegions = (
				en,
				Base,
			);
			mainGroup = 8103093429D1BDEF0021717B;
			packageReferences = (
				81A1ECE829DC44370001A366 /* XCRemoteSwiftPackageReference "Kingfisher" */,
				81BB10FD2A061054005654AA /* XCRemoteSwiftPackageReference "Alamofire" */,
				81D121302A276D08003F3780 /* XCRemoteSwiftPackageReference "swiftui-flow-layout" */,
				814046FF2A2863DF00B77EFD /* XCRemoteSwiftPackageReference "swiftui-sliders" */,
			);
			productRefGroup = 8103093E29D1BDEF0021717B /* Products */;
			projectDirPath = "";
			projectRoot = "";
			targets = (
				8103093C29D1BDEF0021717B /* IMAD_Project */,
				8103094C29D1BDF00021717B /* IMAD_ProjectTests */,
				8103095629D1BDF00021717B /* IMAD_ProjectUITests */,
			);
		};
/* End PBXProject section */

/* Begin PBXResourcesBuildPhase section */
		8103093B29D1BDEF0021717B /* Resources */ = {
			isa = PBXResourcesBuildPhase;
			buildActionMask = 2147483647;
			files = (
				8103094829D1BDF00021717B /* Preview Assets.xcassets in Resources */,
				8103094529D1BDF00021717B /* Assets.xcassets in Resources */,
			);
			runOnlyForDeploymentPostprocessing = 0;
		};
		8103094B29D1BDF00021717B /* Resources */ = {
			isa = PBXResourcesBuildPhase;
			buildActionMask = 2147483647;
			files = (
			);
			runOnlyForDeploymentPostprocessing = 0;
		};
		8103095529D1BDF00021717B /* Resources */ = {
			isa = PBXResourcesBuildPhase;
			buildActionMask = 2147483647;
			files = (
			);
			runOnlyForDeploymentPostprocessing = 0;
		};
/* End PBXResourcesBuildPhase section */

/* Begin PBXSourcesBuildPhase section */
		8103093929D1BDEF0021717B /* Sources */ = {
			isa = PBXSourcesBuildPhase;
			buildActionMask = 2147483647;
			files = (
				81A1ECE729DC40D50001A366 /* CustomData.swift in Sources */,
				81C1EB852AB4397600FB265D /* ReviewOrderFilter.swift in Sources */,
				817B60CF2A2370C1000099A9 /* CheckApiService.swift in Sources */,
				8115A65E2A8F30F700B7C3FE /* Work.swift in Sources */,
				81A285F52AAC5CC300703C55 /* MovieBackgroundView.swift in Sources */,
				81DB1FCF29E6D34F002C0840 /* NicknameSelectView.swift in Sources */,
				81DB1FC729E6A8BB002C0840 /* BackgroundView.swift in Sources */,
				812CDEAA29DF0BF20003B993 /* Notific.swift in Sources */,
				8115A64A2A8396C800B7C3FE /* WorkData.swift in Sources */,
				819D49A82A9383BA008B7BFE /* NoImageView.swift in Sources */,
				81C264942A1376AE00405B01 /* OauthFilter.swift in Sources */,
				8115A6622A8F320B00B7C3FE /* Array.swift in Sources */,
				812CDE9A29DE9ECB0003B993 /* TabViewModel.swift in Sources */,
				8115A65A2A8A170700B7C3FE /* MovieGenreFilter.swift in Sources */,
				812CDEA029DEAA850003B993 /* CommunityListRowView.swift in Sources */,
				81AFC7212A25A11E00051F59 /* EmailFilter.swift in Sources */,
				81BB11092A061772005654AA /* AuthApiService.swift in Sources */,
				81C2649C2A13B73600405B01 /* UserRouter.swift in Sources */,
				817860152A29A6C3004639F6 /* WorkView.swift in Sources */,
				811536D42A173EED003F8273 /* Data.swift in Sources */,
				81A1ECE329DC207F0001A366 /* ColorSet.swift in Sources */,
				817B60D62A23747F000099A9 /* ValidationResponse.swift in Sources */,
				8115A6542A85C1D300B7C3FE /* SearchViewModel.swift in Sources */,
				81C264972A137CFF00405B01 /* RegisterView.swift in Sources */,
				819D499A2A9338AD008B7BFE /* Season.swift in Sources */,
				81DB1FBF29E56CA8002C0840 /* Wave.swift in Sources */,
				81DB1FB529E51CCE002C0840 /* SettingFilter.swift in Sources */,
				81C2649E2A13B7AA00405B01 /* UserApiService.swift in Sources */,
				8115A6472A8395C500B7C3FE /* WorkApiService.swift in Sources */,
				817B60D42A237436000099A9 /* Validation.swift in Sources */,
				819D499E2A933A5C008B7BFE /* Network.swift in Sources */,
				81F2593B2AB09FA200C54668 /* DeleteReview.swift in Sources */,
				8115A6432A8391BE00B7C3FE /* WorkResults.swift in Sources */,
				81BB11042A061457005654AA /* ApiClient.swift in Sources */,
				817860122A2992D6004639F6 /* ContriesFilter.swift in Sources */,
				81F259372AB0892300C54668 /* ReadReview.swift in Sources */,
				8178601F2A29CDD3004639F6 /* TestView.swift in Sources */,
				8178601B2A29C6F9004639F6 /* WorkInfoView.swift in Sources */,
				8115A65C2A8F2EF400B7C3FE /* WorkInfo.swift in Sources */,
				8124CB3729F00FCD00B446D5 /* MyReviewView.swift in Sources */,
				817860212A29ECA7004639F6 /* CommunityWriteView.swift in Sources */,
				8115A6562A85D7DC00B7C3FE /* MovieTypeFilter.swift in Sources */,
				812CDE9629DE9CD50003B993 /* CommunityFilter.swift in Sources */,
				81C2649A2A137D2900405B01 /* LoginAllView.swift in Sources */,
				817B60D22A237248000099A9 /* CheckDataViewModel.swift in Sources */,
				812CDEA629DEC18E0003B993 /* NotificationView.swift in Sources */,
				819D49A02A933AEC008B7BFE /* Person.swift in Sources */,
				811DA16B29E94D9D00482A6A /* UserReview.swift in Sources */,
				81A1ECF229DD3BBC0001A366 /* MenuTabView.swift in Sources */,
				81C0DC5F2A14D01D0022A3EE /* ProfileFilter.swift in Sources */,
				81BB11142A0622AC005654AA /* AuthViewModel.swift in Sources */,
				81C1EB872AB43A6000FB265D /* ReviewListRowView.swift in Sources */,
				81BB112E2A0658CC005654AA /* LoginResponse.swift in Sources */,
				81C0DC5B2A14B1220022A3EE /* GetUserInfo.swift in Sources */,
				819C50702A0F8AFC0008F4A5 /* RegisterResponse.swift in Sources */,
				819C506E2A0F467B0008F4A5 /* UserDefaultManager.swift in Sources */,
				817BBB3A29EED13400E1CBA6 /* InfoChangeView.swift in Sources */,
				8115A64C2A83973F00B7C3FE /* SearchWork.swift in Sources */,
				81F2592B2AB0656B00C54668 /* ReviewRouter.swift in Sources */,
				81F259292AB05D5B00C54668 /* ReviewDetailsView.swift in Sources */,
				81BB11062A0614D1005654AA /* ApiLogger.swift in Sources */,
				818CF7FE2A21B7E000BABA1F /* RegisterFilter.swift in Sources */,
				817B60CD2A236F00000099A9 /* CheckRouter.swift in Sources */,
				818CF7EF2A20764C00BABA1F /* OnBoardingView.swift in Sources */,
				81DB1FD829E7D63C002C0840 /* RegisterTabView.swift in Sources */,
				8103094329D1BDEF0021717B /* ContentView.swift in Sources */,
				8178601D2A29CDAA004639F6 /* CustomSlider.swift in Sources */,
				814046FE2A284BC200B77EFD /* FilterCoverView.swift in Sources */,
				811DA16D29E978DB00482A6A /* CommunityPostView.swift in Sources */,
				812CDE9429DE92000003B993 /* CommunityView.swift in Sources */,
				81BB110C2A0617B8005654AA /* BaseIntercept.swift in Sources */,
				8124CB3529EFB16A00B446D5 /* WriteReviewView.swift in Sources */,
				81F259392AB09A4300C54668 /* UpdateReview.swift in Sources */,
				819D499C2A933A3F008B7BFE /* Credit.swift in Sources */,
				812CDE9E29DEA22D0003B993 /* CommunityTabViewModel.swift in Sources */,
				8115A6672A8F3B3E00B7C3FE /* String.swift in Sources */,
				81DB1FD629E7D03B002C0840 /* KeyBoard.swift in Sources */,
				8103094129D1BDEF0021717B /* IMAD_ProjectApp.swift in Sources */,
				8124CB3A29F0175F00B446D5 /* WorkListView.swift in Sources */,
				818CF7FA2A20AAE500BABA1F /* AgeSelectView.swift in Sources */,
				81BB11022A061198005654AA /* AuthRouter.swift in Sources */,
				818CF7F82A20929800BABA1F /* ProfileSelectView.swift in Sources */,
				81135F492AB7DBE900E784FD /* ReviewLike.swift in Sources */,
				817860172A29B1DD004639F6 /* WorkFilter.swift in Sources */,
				8115A6642A8F38A800B7C3FE /* WorkViewModel.swift in Sources */,
				81C1EB812AB400AB00FB265D /* ReadReviewList.swift in Sources */,
				81F2592F2AB073BB00C54668 /* ReviewApiService.swift in Sources */,
				81DB1FB929E549C5002C0840 /* RoundShape.swift in Sources */,
				81E2F8AA2A8F4FDD003E53DC /* CertificationFilter.swift in Sources */,
				8115A6582A8A166200B7C3FE /* TVGenreFilter.swift in Sources */,
				81A1ECF929DD6BE70001A366 /* Tab.swift in Sources */,
				8115A6452A83940800B7C3FE /* WorkRouter.swift in Sources */,
				81A1ECE529DC3FA30001A366 /* MainView.swift in Sources */,
				81DB1FCA29E6C2E2002C0840 /* GenderSelectView.swift in Sources */,
				81DB1FC229E56D1E002C0840 /* CustomTextField.swift in Sources */,
				818CF7F22A207CFF00BABA1F /* OnBoardingTabView.swift in Sources */,
				811DA16929E9332500482A6A /* WriteReview.swift in Sources */,
				81DB1FD129E6D717002C0840 /* SelectGenreView.swift in Sources */,
				817BBB3829EE982F00E1CBA6 /* ProfileChangeView.swift in Sources */,
				81D1212F2A2739F2003F3780 /* ExploreView.swift in Sources */,
				81C1EB7D2AB3581E00FB265D /* ReviewView.swift in Sources */,
				812EF9D329E1B5E700CE19DA /* ProfileView.swift in Sources */,
				81BB11102A061E42005654AA /* Token.swift in Sources */,
				81C264902A135F8900405B01 /* AuthWebView.swift in Sources */,
				81C1EB832AB4332600FB265D /* ReviewSortFilter.swift in Sources */,
				81A1ECE029DACB720001A366 /* SplashView.swift in Sources */,
				810B4E9E2A2CDE0E00714A2B /* CustomProgressView.swift in Sources */,
				812CDEA329DEAE880003B993 /* Community.swift in Sources */,
				81F259352AB07FD800C54668 /* ReviewViewModel.swift in Sources */,
			);
			runOnlyForDeploymentPostprocessing = 0;
		};
		8103094929D1BDF00021717B /* Sources */ = {
			isa = PBXSourcesBuildPhase;
			buildActionMask = 2147483647;
			files = (
				8103095229D1BDF00021717B /* IMAD_ProjectTests.swift in Sources */,
			);
			runOnlyForDeploymentPostprocessing = 0;
		};
		8103095329D1BDF00021717B /* Sources */ = {
			isa = PBXSourcesBuildPhase;
			buildActionMask = 2147483647;
			files = (
				8103095C29D1BDF00021717B /* IMAD_ProjectUITests.swift in Sources */,
				8103095E29D1BDF00021717B /* IMAD_ProjectUITestsLaunchTests.swift in Sources */,
			);
			runOnlyForDeploymentPostprocessing = 0;
		};
/* End PBXSourcesBuildPhase section */

/* Begin PBXTargetDependency section */
		8103094F29D1BDF00021717B /* PBXTargetDependency */ = {
			isa = PBXTargetDependency;
			target = 8103093C29D1BDEF0021717B /* IMAD_Project */;
			targetProxy = 8103094E29D1BDF00021717B /* PBXContainerItemProxy */;
		};
		8103095929D1BDF00021717B /* PBXTargetDependency */ = {
			isa = PBXTargetDependency;
			target = 8103093C29D1BDEF0021717B /* IMAD_Project */;
			targetProxy = 8103095829D1BDF00021717B /* PBXContainerItemProxy */;
		};
/* End PBXTargetDependency section */

/* Begin XCBuildConfiguration section */
		8103095F29D1BDF00021717B /* Debug */ = {
			isa = XCBuildConfiguration;
			baseConfigurationReference = 81BB11292A0642E8005654AA /* Config.xcconfig */;
			buildSettings = {
				ALWAYS_SEARCH_USER_PATHS = NO;
				CLANG_ANALYZER_NONNULL = YES;
				CLANG_ANALYZER_NUMBER_OBJECT_CONVERSION = YES_AGGRESSIVE;
				CLANG_CXX_LANGUAGE_STANDARD = "gnu++20";
				CLANG_ENABLE_MODULES = YES;
				CLANG_ENABLE_OBJC_ARC = YES;
				CLANG_ENABLE_OBJC_WEAK = YES;
				CLANG_WARN_BLOCK_CAPTURE_AUTORELEASING = YES;
				CLANG_WARN_BOOL_CONVERSION = YES;
				CLANG_WARN_COMMA = YES;
				CLANG_WARN_CONSTANT_CONVERSION = YES;
				CLANG_WARN_DEPRECATED_OBJC_IMPLEMENTATIONS = YES;
				CLANG_WARN_DIRECT_OBJC_ISA_USAGE = YES_ERROR;
				CLANG_WARN_DOCUMENTATION_COMMENTS = YES;
				CLANG_WARN_EMPTY_BODY = YES;
				CLANG_WARN_ENUM_CONVERSION = YES;
				CLANG_WARN_INFINITE_RECURSION = YES;
				CLANG_WARN_INT_CONVERSION = YES;
				CLANG_WARN_NON_LITERAL_NULL_CONVERSION = YES;
				CLANG_WARN_OBJC_IMPLICIT_RETAIN_SELF = YES;
				CLANG_WARN_OBJC_LITERAL_CONVERSION = YES;
				CLANG_WARN_OBJC_ROOT_CLASS = YES_ERROR;
				CLANG_WARN_QUOTED_INCLUDE_IN_FRAMEWORK_HEADER = YES;
				CLANG_WARN_RANGE_LOOP_ANALYSIS = YES;
				CLANG_WARN_STRICT_PROTOTYPES = YES;
				CLANG_WARN_SUSPICIOUS_MOVE = YES;
				CLANG_WARN_UNGUARDED_AVAILABILITY = YES_AGGRESSIVE;
				CLANG_WARN_UNREACHABLE_CODE = YES;
				CLANG_WARN__DUPLICATE_METHOD_MATCH = YES;
				COPY_PHASE_STRIP = NO;
				DEBUG_INFORMATION_FORMAT = dwarf;
				ENABLE_STRICT_OBJC_MSGSEND = YES;
				ENABLE_TESTABILITY = YES;
				GCC_C_LANGUAGE_STANDARD = gnu11;
				GCC_DYNAMIC_NO_PIC = NO;
				GCC_NO_COMMON_BLOCKS = YES;
				GCC_OPTIMIZATION_LEVEL = 0;
				GCC_PREPROCESSOR_DEFINITIONS = (
					"DEBUG=1",
					"$(inherited)",
				);
				GCC_WARN_64_TO_32_BIT_CONVERSION = YES;
				GCC_WARN_ABOUT_RETURN_TYPE = YES_ERROR;
				GCC_WARN_UNDECLARED_SELECTOR = YES;
				GCC_WARN_UNINITIALIZED_AUTOS = YES_AGGRESSIVE;
				GCC_WARN_UNUSED_FUNCTION = YES;
				GCC_WARN_UNUSED_VARIABLE = YES;
				IPHONEOS_DEPLOYMENT_TARGET = 16.2;
				MTL_ENABLE_DEBUG_INFO = INCLUDE_SOURCE;
				MTL_FAST_MATH = YES;
				ONLY_ACTIVE_ARCH = YES;
				SDKROOT = iphoneos;
				SWIFT_ACTIVE_COMPILATION_CONDITIONS = DEBUG;
				SWIFT_OPTIMIZATION_LEVEL = "-Onone";
			};
			name = Debug;
		};
		8103096029D1BDF00021717B /* Release */ = {
			isa = XCBuildConfiguration;
			baseConfigurationReference = 81BB11292A0642E8005654AA /* Config.xcconfig */;
			buildSettings = {
				ALWAYS_SEARCH_USER_PATHS = NO;
				CLANG_ANALYZER_NONNULL = YES;
				CLANG_ANALYZER_NUMBER_OBJECT_CONVERSION = YES_AGGRESSIVE;
				CLANG_CXX_LANGUAGE_STANDARD = "gnu++20";
				CLANG_ENABLE_MODULES = YES;
				CLANG_ENABLE_OBJC_ARC = YES;
				CLANG_ENABLE_OBJC_WEAK = YES;
				CLANG_WARN_BLOCK_CAPTURE_AUTORELEASING = YES;
				CLANG_WARN_BOOL_CONVERSION = YES;
				CLANG_WARN_COMMA = YES;
				CLANG_WARN_CONSTANT_CONVERSION = YES;
				CLANG_WARN_DEPRECATED_OBJC_IMPLEMENTATIONS = YES;
				CLANG_WARN_DIRECT_OBJC_ISA_USAGE = YES_ERROR;
				CLANG_WARN_DOCUMENTATION_COMMENTS = YES;
				CLANG_WARN_EMPTY_BODY = YES;
				CLANG_WARN_ENUM_CONVERSION = YES;
				CLANG_WARN_INFINITE_RECURSION = YES;
				CLANG_WARN_INT_CONVERSION = YES;
				CLANG_WARN_NON_LITERAL_NULL_CONVERSION = YES;
				CLANG_WARN_OBJC_IMPLICIT_RETAIN_SELF = YES;
				CLANG_WARN_OBJC_LITERAL_CONVERSION = YES;
				CLANG_WARN_OBJC_ROOT_CLASS = YES_ERROR;
				CLANG_WARN_QUOTED_INCLUDE_IN_FRAMEWORK_HEADER = YES;
				CLANG_WARN_RANGE_LOOP_ANALYSIS = YES;
				CLANG_WARN_STRICT_PROTOTYPES = YES;
				CLANG_WARN_SUSPICIOUS_MOVE = YES;
				CLANG_WARN_UNGUARDED_AVAILABILITY = YES_AGGRESSIVE;
				CLANG_WARN_UNREACHABLE_CODE = YES;
				CLANG_WARN__DUPLICATE_METHOD_MATCH = YES;
				COPY_PHASE_STRIP = NO;
				DEBUG_INFORMATION_FORMAT = "dwarf-with-dsym";
				ENABLE_NS_ASSERTIONS = NO;
				ENABLE_STRICT_OBJC_MSGSEND = YES;
				GCC_C_LANGUAGE_STANDARD = gnu11;
				GCC_NO_COMMON_BLOCKS = YES;
				GCC_WARN_64_TO_32_BIT_CONVERSION = YES;
				GCC_WARN_ABOUT_RETURN_TYPE = YES_ERROR;
				GCC_WARN_UNDECLARED_SELECTOR = YES;
				GCC_WARN_UNINITIALIZED_AUTOS = YES_AGGRESSIVE;
				GCC_WARN_UNUSED_FUNCTION = YES;
				GCC_WARN_UNUSED_VARIABLE = YES;
				IPHONEOS_DEPLOYMENT_TARGET = 16.2;
				MTL_ENABLE_DEBUG_INFO = NO;
				MTL_FAST_MATH = YES;
				SDKROOT = iphoneos;
				SWIFT_COMPILATION_MODE = wholemodule;
				SWIFT_OPTIMIZATION_LEVEL = "-O";
				VALIDATE_PRODUCT = YES;
			};
			name = Release;
		};
		8103096229D1BDF00021717B /* Debug */ = {
			isa = XCBuildConfiguration;
			baseConfigurationReference = 81BB11292A0642E8005654AA /* Config.xcconfig */;
			buildSettings = {
				ASSETCATALOG_COMPILER_APPICON_NAME = AppIcon;
				ASSETCATALOG_COMPILER_GLOBAL_ACCENT_COLOR_NAME = AccentColor;
				CODE_SIGN_ENTITLEMENTS = IMAD_Project/IMAD_Project.entitlements;
				CODE_SIGN_STYLE = Automatic;
				CURRENT_PROJECT_VERSION = 1;
				DEVELOPMENT_ASSET_PATHS = "\"IMAD_Project/Preview Content\"";
				DEVELOPMENT_TEAM = N676ZFA7W8;
				ENABLE_PREVIEWS = YES;
				GENERATE_INFOPLIST_FILE = YES;
				INFOPLIST_FILE = "IMAD-Project-Info.plist";
				INFOPLIST_KEY_CFBundleDisplayName = "아이매드";
				INFOPLIST_KEY_LSApplicationCategoryType = "public.app-category.lifestyle";
				INFOPLIST_KEY_UIApplicationSceneManifest_Generation = YES;
				INFOPLIST_KEY_UIApplicationSupportsIndirectInputEvents = YES;
				INFOPLIST_KEY_UILaunchScreen_Generation = YES;
				INFOPLIST_KEY_UISupportedInterfaceOrientations_iPad = "UIInterfaceOrientationPortrait UIInterfaceOrientationPortraitUpsideDown UIInterfaceOrientationLandscapeLeft UIInterfaceOrientationLandscapeRight";
				INFOPLIST_KEY_UISupportedInterfaceOrientations_iPhone = "UIInterfaceOrientationPortrait UIInterfaceOrientationLandscapeLeft UIInterfaceOrientationLandscapeRight";
				LD_RUNPATH_SEARCH_PATHS = (
					"$(inherited)",
					"@executable_path/Frameworks",
				);
				MARKETING_VERSION = 1.0;
				PRODUCT_BUNDLE_IDENTIFIER = "quarang.IMAD-Project";
				PRODUCT_NAME = "$(TARGET_NAME)";
				SWIFT_EMIT_LOC_STRINGS = YES;
				SWIFT_VERSION = 5.0;
				TARGETED_DEVICE_FAMILY = "1,2";
			};
			name = Debug;
		};
		8103096329D1BDF00021717B /* Release */ = {
			isa = XCBuildConfiguration;
			baseConfigurationReference = 81BB11292A0642E8005654AA /* Config.xcconfig */;
			buildSettings = {
				ASSETCATALOG_COMPILER_APPICON_NAME = AppIcon;
				ASSETCATALOG_COMPILER_GLOBAL_ACCENT_COLOR_NAME = AccentColor;
				CODE_SIGN_ENTITLEMENTS = IMAD_Project/IMAD_Project.entitlements;
				CODE_SIGN_STYLE = Automatic;
				CURRENT_PROJECT_VERSION = 1;
				DEVELOPMENT_ASSET_PATHS = "\"IMAD_Project/Preview Content\"";
				DEVELOPMENT_TEAM = N676ZFA7W8;
				ENABLE_PREVIEWS = YES;
				GENERATE_INFOPLIST_FILE = YES;
				INFOPLIST_FILE = "IMAD-Project-Info.plist";
				INFOPLIST_KEY_CFBundleDisplayName = "아이매드";
				INFOPLIST_KEY_LSApplicationCategoryType = "public.app-category.lifestyle";
				INFOPLIST_KEY_UIApplicationSceneManifest_Generation = YES;
				INFOPLIST_KEY_UIApplicationSupportsIndirectInputEvents = YES;
				INFOPLIST_KEY_UILaunchScreen_Generation = YES;
				INFOPLIST_KEY_UISupportedInterfaceOrientations_iPad = "UIInterfaceOrientationPortrait UIInterfaceOrientationPortraitUpsideDown UIInterfaceOrientationLandscapeLeft UIInterfaceOrientationLandscapeRight";
				INFOPLIST_KEY_UISupportedInterfaceOrientations_iPhone = "UIInterfaceOrientationPortrait UIInterfaceOrientationLandscapeLeft UIInterfaceOrientationLandscapeRight";
				LD_RUNPATH_SEARCH_PATHS = (
					"$(inherited)",
					"@executable_path/Frameworks",
				);
				MARKETING_VERSION = 1.0;
				PRODUCT_BUNDLE_IDENTIFIER = "quarang.IMAD-Project";
				PRODUCT_NAME = "$(TARGET_NAME)";
				SWIFT_EMIT_LOC_STRINGS = YES;
				SWIFT_VERSION = 5.0;
				TARGETED_DEVICE_FAMILY = "1,2";
			};
			name = Release;
		};
		8103096529D1BDF00021717B /* Debug */ = {
			isa = XCBuildConfiguration;
			baseConfigurationReference = 81BB11292A0642E8005654AA /* Config.xcconfig */;
			buildSettings = {
				ALWAYS_EMBED_SWIFT_STANDARD_LIBRARIES = YES;
				BUNDLE_LOADER = "$(TEST_HOST)";
				"CODE_SIGN_IDENTITY[sdk=macosx*]" = "Apple Development";
				CODE_SIGN_STYLE = Automatic;
				CURRENT_PROJECT_VERSION = 1;
				DEVELOPMENT_TEAM = N676ZFA7W8;
				GENERATE_INFOPLIST_FILE = YES;
				IPHONEOS_DEPLOYMENT_TARGET = 16.2;
				MARKETING_VERSION = 1.0;
				PRODUCT_BUNDLE_IDENTIFIER = "quarang.IMAD-ProjectTests";
				PRODUCT_NAME = "$(TARGET_NAME)";
				SWIFT_EMIT_LOC_STRINGS = NO;
				SWIFT_VERSION = 5.0;
				TARGETED_DEVICE_FAMILY = "1,2";
				TEST_HOST = "$(BUILT_PRODUCTS_DIR)/IMAD_Project.app/$(BUNDLE_EXECUTABLE_FOLDER_PATH)/IMAD_Project";
			};
			name = Debug;
		};
		8103096629D1BDF00021717B /* Release */ = {
			isa = XCBuildConfiguration;
			baseConfigurationReference = 81BB11292A0642E8005654AA /* Config.xcconfig */;
			buildSettings = {
				ALWAYS_EMBED_SWIFT_STANDARD_LIBRARIES = YES;
				BUNDLE_LOADER = "$(TEST_HOST)";
				"CODE_SIGN_IDENTITY[sdk=macosx*]" = "Apple Development";
				CODE_SIGN_STYLE = Automatic;
				CURRENT_PROJECT_VERSION = 1;
				DEVELOPMENT_TEAM = N676ZFA7W8;
				GENERATE_INFOPLIST_FILE = YES;
				IPHONEOS_DEPLOYMENT_TARGET = 16.2;
				MARKETING_VERSION = 1.0;
				PRODUCT_BUNDLE_IDENTIFIER = "quarang.IMAD-ProjectTests";
				PRODUCT_NAME = "$(TARGET_NAME)";
				SWIFT_EMIT_LOC_STRINGS = NO;
				SWIFT_VERSION = 5.0;
				TARGETED_DEVICE_FAMILY = "1,2";
				TEST_HOST = "$(BUILT_PRODUCTS_DIR)/IMAD_Project.app/$(BUNDLE_EXECUTABLE_FOLDER_PATH)/IMAD_Project";
			};
			name = Release;
		};
		8103096829D1BDF00021717B /* Debug */ = {
			isa = XCBuildConfiguration;
			baseConfigurationReference = 81BB11292A0642E8005654AA /* Config.xcconfig */;
			buildSettings = {
				ALWAYS_EMBED_SWIFT_STANDARD_LIBRARIES = YES;
				CODE_SIGN_STYLE = Automatic;
				CURRENT_PROJECT_VERSION = 1;
				DEVELOPMENT_TEAM = N676ZFA7W8;
				GENERATE_INFOPLIST_FILE = YES;
				MARKETING_VERSION = 1.0;
				PRODUCT_BUNDLE_IDENTIFIER = "quarang.IMAD-ProjectUITests";
				PRODUCT_NAME = "$(TARGET_NAME)";
				SWIFT_EMIT_LOC_STRINGS = NO;
				SWIFT_VERSION = 5.0;
				TARGETED_DEVICE_FAMILY = "1,2";
				TEST_TARGET_NAME = IMAD_Project;
			};
			name = Debug;
		};
		8103096929D1BDF00021717B /* Release */ = {
			isa = XCBuildConfiguration;
			baseConfigurationReference = 81BB11292A0642E8005654AA /* Config.xcconfig */;
			buildSettings = {
				ALWAYS_EMBED_SWIFT_STANDARD_LIBRARIES = YES;
				CODE_SIGN_STYLE = Automatic;
				CURRENT_PROJECT_VERSION = 1;
				DEVELOPMENT_TEAM = N676ZFA7W8;
				GENERATE_INFOPLIST_FILE = YES;
				MARKETING_VERSION = 1.0;
				PRODUCT_BUNDLE_IDENTIFIER = "quarang.IMAD-ProjectUITests";
				PRODUCT_NAME = "$(TARGET_NAME)";
				SWIFT_EMIT_LOC_STRINGS = NO;
				SWIFT_VERSION = 5.0;
				TARGETED_DEVICE_FAMILY = "1,2";
				TEST_TARGET_NAME = IMAD_Project;
			};
			name = Release;
		};
/* End XCBuildConfiguration section */

/* Begin XCConfigurationList section */
		8103093829D1BDEF0021717B /* Build configuration list for PBXProject "IMAD_Project" */ = {
			isa = XCConfigurationList;
			buildConfigurations = (
				8103095F29D1BDF00021717B /* Debug */,
				8103096029D1BDF00021717B /* Release */,
			);
			defaultConfigurationIsVisible = 0;
			defaultConfigurationName = Release;
		};
		8103096129D1BDF00021717B /* Build configuration list for PBXNativeTarget "IMAD_Project" */ = {
			isa = XCConfigurationList;
			buildConfigurations = (
				8103096229D1BDF00021717B /* Debug */,
				8103096329D1BDF00021717B /* Release */,
			);
			defaultConfigurationIsVisible = 0;
			defaultConfigurationName = Release;
		};
		8103096429D1BDF00021717B /* Build configuration list for PBXNativeTarget "IMAD_ProjectTests" */ = {
			isa = XCConfigurationList;
			buildConfigurations = (
				8103096529D1BDF00021717B /* Debug */,
				8103096629D1BDF00021717B /* Release */,
			);
			defaultConfigurationIsVisible = 0;
			defaultConfigurationName = Release;
		};
		8103096729D1BDF00021717B /* Build configuration list for PBXNativeTarget "IMAD_ProjectUITests" */ = {
			isa = XCConfigurationList;
			buildConfigurations = (
				8103096829D1BDF00021717B /* Debug */,
				8103096929D1BDF00021717B /* Release */,
			);
			defaultConfigurationIsVisible = 0;
			defaultConfigurationName = Release;
		};
/* End XCConfigurationList section */

/* Begin XCRemoteSwiftPackageReference section */
		814046FF2A2863DF00B77EFD /* XCRemoteSwiftPackageReference "swiftui-sliders" */ = {
			isa = XCRemoteSwiftPackageReference;
			repositoryURL = "https://github.com/spacenation/swiftui-sliders.git";
			requirement = {
				kind = upToNextMajorVersion;
				minimumVersion = 2.0.0;
			};
		};
		81A1ECE829DC44370001A366 /* XCRemoteSwiftPackageReference "Kingfisher" */ = {
			isa = XCRemoteSwiftPackageReference;
			repositoryURL = "https://github.com/onevcat/Kingfisher.git";
			requirement = {
				kind = upToNextMajorVersion;
				minimumVersion = 7.0.0;
			};
		};
		81BB10FD2A061054005654AA /* XCRemoteSwiftPackageReference "Alamofire" */ = {
			isa = XCRemoteSwiftPackageReference;
			repositoryURL = "https://github.com/Alamofire/Alamofire.git";
			requirement = {
				kind = upToNextMajorVersion;
				minimumVersion = 5.0.0;
			};
		};
		81D121302A276D08003F3780 /* XCRemoteSwiftPackageReference "swiftui-flow-layout" */ = {
			isa = XCRemoteSwiftPackageReference;
			repositoryURL = "https://github.com/globulus/swiftui-flow-layout";
			requirement = {
				kind = upToNextMajorVersion;
				minimumVersion = 1.0.0;
			};
		};
/* End XCRemoteSwiftPackageReference section */

/* Begin XCSwiftPackageProductDependency section */
		814047002A2863DF00B77EFD /* Sliders */ = {
			isa = XCSwiftPackageProductDependency;
			package = 814046FF2A2863DF00B77EFD /* XCRemoteSwiftPackageReference "swiftui-sliders" */;
			productName = Sliders;
		};
		81A1ECE929DC44370001A366 /* Kingfisher */ = {
			isa = XCSwiftPackageProductDependency;
			package = 81A1ECE829DC44370001A366 /* XCRemoteSwiftPackageReference "Kingfisher" */;
			productName = Kingfisher;
		};
		81BB10FE2A061055005654AA /* Alamofire */ = {
			isa = XCSwiftPackageProductDependency;
			package = 81BB10FD2A061054005654AA /* XCRemoteSwiftPackageReference "Alamofire" */;
			productName = Alamofire;
		};
		81D121312A276D08003F3780 /* SwiftUIFlowLayout */ = {
			isa = XCSwiftPackageProductDependency;
			package = 81D121302A276D08003F3780 /* XCRemoteSwiftPackageReference "swiftui-flow-layout" */;
			productName = SwiftUIFlowLayout;
		};
/* End XCSwiftPackageProductDependency section */
	};
	rootObject = 8103093529D1BDEF0021717B /* Project object */;
}
