// !$*UTF8*$!
{
	archiveVersion = 1;
	classes = {
	};
	objectVersion = 56;
	objects = {

/* Begin PBXBuildFile section */
		8103094129D1BDEF0021717B /* IMAD_ProjectApp.swift in Sources */ = {isa = PBXBuildFile; fileRef = 8103094029D1BDEF0021717B /* IMAD_ProjectApp.swift */; };
		8103094329D1BDEF0021717B /* ContentView.swift in Sources */ = {isa = PBXBuildFile; fileRef = 8103094229D1BDEF0021717B /* ContentView.swift */; };
		8103094529D1BDF00021717B /* Assets.xcassets in Resources */ = {isa = PBXBuildFile; fileRef = 8103094429D1BDF00021717B /* Assets.xcassets */; };
		8103094829D1BDF00021717B /* Preview Assets.xcassets in Resources */ = {isa = PBXBuildFile; fileRef = 8103094729D1BDF00021717B /* Preview Assets.xcassets */; };
		8103095229D1BDF00021717B /* IMAD_ProjectTests.swift in Sources */ = {isa = PBXBuildFile; fileRef = 8103095129D1BDF00021717B /* IMAD_ProjectTests.swift */; };
		8103095C29D1BDF00021717B /* IMAD_ProjectUITests.swift in Sources */ = {isa = PBXBuildFile; fileRef = 8103095B29D1BDF00021717B /* IMAD_ProjectUITests.swift */; };
		8103095E29D1BDF00021717B /* IMAD_ProjectUITestsLaunchTests.swift in Sources */ = {isa = PBXBuildFile; fileRef = 8103095D29D1BDF00021717B /* IMAD_ProjectUITestsLaunchTests.swift */; };
		812CDE9429DE92000003B993 /* CommunityView.swift in Sources */ = {isa = PBXBuildFile; fileRef = 812CDE9329DE92000003B993 /* CommunityView.swift */; };
		812CDE9629DE9CD50003B993 /* CommunityFilter.swift in Sources */ = {isa = PBXBuildFile; fileRef = 812CDE9529DE9CD50003B993 /* CommunityFilter.swift */; };
		812CDE9A29DE9ECB0003B993 /* TabViewModel.swift in Sources */ = {isa = PBXBuildFile; fileRef = 812CDE9929DE9ECB0003B993 /* TabViewModel.swift */; };
		812CDE9E29DEA22D0003B993 /* CommunityTabViewModel.swift in Sources */ = {isa = PBXBuildFile; fileRef = 812CDE9D29DEA22D0003B993 /* CommunityTabViewModel.swift */; };
		812CDEA029DEAA850003B993 /* CommunityListRowView.swift in Sources */ = {isa = PBXBuildFile; fileRef = 812CDE9F29DEAA850003B993 /* CommunityListRowView.swift */; };
		812CDEA329DEAE880003B993 /* Community.swift in Sources */ = {isa = PBXBuildFile; fileRef = 812CDEA229DEAE880003B993 /* Community.swift */; };
		812CDEA629DEC18E0003B993 /* NotificationView.swift in Sources */ = {isa = PBXBuildFile; fileRef = 812CDEA529DEC18E0003B993 /* NotificationView.swift */; };
		812CDEAA29DF0BF20003B993 /* Notific.swift in Sources */ = {isa = PBXBuildFile; fileRef = 812CDEA929DF0BF20003B993 /* Notific.swift */; };
		812EF9D329E1B5E700CE19DA /* ProfileView.swift in Sources */ = {isa = PBXBuildFile; fileRef = 812EF9D229E1B5E700CE19DA /* ProfileView.swift */; };
		81A1ECE029DACB720001A366 /* SplashView.swift in Sources */ = {isa = PBXBuildFile; fileRef = 81A1ECDF29DACB720001A366 /* SplashView.swift */; };
		81A1ECE329DC207F0001A366 /* ColorSet.swift in Sources */ = {isa = PBXBuildFile; fileRef = 81A1ECE229DC207F0001A366 /* ColorSet.swift */; };
		81A1ECE529DC3FA30001A366 /* MainView.swift in Sources */ = {isa = PBXBuildFile; fileRef = 81A1ECE429DC3FA30001A366 /* MainView.swift */; };
		81A1ECE729DC40D50001A366 /* CustomData.swift in Sources */ = {isa = PBXBuildFile; fileRef = 81A1ECE629DC40D50001A366 /* CustomData.swift */; };
		81A1ECEA29DC44370001A366 /* Kingfisher in Frameworks */ = {isa = PBXBuildFile; productRef = 81A1ECE929DC44370001A366 /* Kingfisher */; };
		81A1ECED29DD1F9F0001A366 /* GenreFilter.swift in Sources */ = {isa = PBXBuildFile; fileRef = 81A1ECEC29DD1F9F0001A366 /* GenreFilter.swift */; };
		81A1ECF229DD3BBC0001A366 /* MenuTabView.swift in Sources */ = {isa = PBXBuildFile; fileRef = 81A1ECF129DD3BBC0001A366 /* MenuTabView.swift */; };
		81A1ECF729DD59760001A366 /* CustomTabView.swift in Sources */ = {isa = PBXBuildFile; fileRef = 81A1ECF629DD59760001A366 /* CustomTabView.swift */; };
		81A1ECF929DD6BE70001A366 /* Tab.swift in Sources */ = {isa = PBXBuildFile; fileRef = 81A1ECF829DD6BE70001A366 /* Tab.swift */; };
		81DB1FB529E51CCE002C0840 /* SettingFilter.swift in Sources */ = {isa = PBXBuildFile; fileRef = 81DB1FB429E51CCE002C0840 /* SettingFilter.swift */; };
		81DB1FB929E549C5002C0840 /* RoundShape.swift in Sources */ = {isa = PBXBuildFile; fileRef = 81DB1FB829E549C5002C0840 /* RoundShape.swift */; };
		81DB1FBD29E55095002C0840 /* LogionView.swift in Sources */ = {isa = PBXBuildFile; fileRef = 81DB1FBC29E55095002C0840 /* LogionView.swift */; };
		81DB1FBF29E56CA8002C0840 /* Wave.swift in Sources */ = {isa = PBXBuildFile; fileRef = 81DB1FBE29E56CA8002C0840 /* Wave.swift */; };
		81DB1FC229E56D1E002C0840 /* CustomTextField.swift in Sources */ = {isa = PBXBuildFile; fileRef = 81DB1FC129E56D1E002C0840 /* CustomTextField.swift */; };
		81DB1FC429E6A583002C0840 /* RegisterView.swift in Sources */ = {isa = PBXBuildFile; fileRef = 81DB1FC329E6A583002C0840 /* RegisterView.swift */; };
		81DB1FC729E6A8BB002C0840 /* BackgroundView.swift in Sources */ = {isa = PBXBuildFile; fileRef = 81DB1FC629E6A8BB002C0840 /* BackgroundView.swift */; };
		81DB1FCA29E6C2E2002C0840 /* RegisterGenderView.swift in Sources */ = {isa = PBXBuildFile; fileRef = 81DB1FC929E6C2E2002C0840 /* RegisterGenderView.swift */; };
		81DB1FCF29E6D34F002C0840 /* ProfileSelectView.swift in Sources */ = {isa = PBXBuildFile; fileRef = 81DB1FCE29E6D34F002C0840 /* ProfileSelectView.swift */; };
		81DB1FD129E6D717002C0840 /* SelectGenreView.swift in Sources */ = {isa = PBXBuildFile; fileRef = 81DB1FD029E6D717002C0840 /* SelectGenreView.swift */; };
		81DB1FD629E7D03B002C0840 /* KeyBoard.swift in Sources */ = {isa = PBXBuildFile; fileRef = 81DB1FD529E7D03B002C0840 /* KeyBoard.swift */; };
		81DB1FD829E7D63C002C0840 /* RegisterTabView.swift in Sources */ = {isa = PBXBuildFile; fileRef = 81DB1FD729E7D63C002C0840 /* RegisterTabView.swift */; };
		81DB1FDA29E7D7E2002C0840 /* RegisterFilter.swift in Sources */ = {isa = PBXBuildFile; fileRef = 81DB1FD929E7D7E2002C0840 /* RegisterFilter.swift */; };
		81DB1FDD29E7DA39002C0840 /* StageTabViewModel.swift in Sources */ = {isa = PBXBuildFile; fileRef = 81DB1FDC29E7DA39002C0840 /* StageTabViewModel.swift */; };
/* End PBXBuildFile section */

/* Begin PBXContainerItemProxy section */
		8103094E29D1BDF00021717B /* PBXContainerItemProxy */ = {
			isa = PBXContainerItemProxy;
			containerPortal = 8103093529D1BDEF0021717B /* Project object */;
			proxyType = 1;
			remoteGlobalIDString = 8103093C29D1BDEF0021717B;
			remoteInfo = IMAD_Project;
		};
		8103095829D1BDF00021717B /* PBXContainerItemProxy */ = {
			isa = PBXContainerItemProxy;
			containerPortal = 8103093529D1BDEF0021717B /* Project object */;
			proxyType = 1;
			remoteGlobalIDString = 8103093C29D1BDEF0021717B;
			remoteInfo = IMAD_Project;
		};
/* End PBXContainerItemProxy section */

/* Begin PBXFileReference section */
		8103093D29D1BDEF0021717B /* IMAD_Project.app */ = {isa = PBXFileReference; explicitFileType = wrapper.application; includeInIndex = 0; path = IMAD_Project.app; sourceTree = BUILT_PRODUCTS_DIR; };
		8103094029D1BDEF0021717B /* IMAD_ProjectApp.swift */ = {isa = PBXFileReference; lastKnownFileType = sourcecode.swift; path = IMAD_ProjectApp.swift; sourceTree = "<group>"; };
		8103094229D1BDEF0021717B /* ContentView.swift */ = {isa = PBXFileReference; lastKnownFileType = sourcecode.swift; path = ContentView.swift; sourceTree = "<group>"; };
		8103094429D1BDF00021717B /* Assets.xcassets */ = {isa = PBXFileReference; lastKnownFileType = folder.assetcatalog; path = Assets.xcassets; sourceTree = "<group>"; };
		8103094729D1BDF00021717B /* Preview Assets.xcassets */ = {isa = PBXFileReference; lastKnownFileType = folder.assetcatalog; path = "Preview Assets.xcassets"; sourceTree = "<group>"; };
		8103094D29D1BDF00021717B /* IMAD_ProjectTests.xctest */ = {isa = PBXFileReference; explicitFileType = wrapper.cfbundle; includeInIndex = 0; path = IMAD_ProjectTests.xctest; sourceTree = BUILT_PRODUCTS_DIR; };
		8103095129D1BDF00021717B /* IMAD_ProjectTests.swift */ = {isa = PBXFileReference; lastKnownFileType = sourcecode.swift; path = IMAD_ProjectTests.swift; sourceTree = "<group>"; };
		8103095729D1BDF00021717B /* IMAD_ProjectUITests.xctest */ = {isa = PBXFileReference; explicitFileType = wrapper.cfbundle; includeInIndex = 0; path = IMAD_ProjectUITests.xctest; sourceTree = BUILT_PRODUCTS_DIR; };
		8103095B29D1BDF00021717B /* IMAD_ProjectUITests.swift */ = {isa = PBXFileReference; lastKnownFileType = sourcecode.swift; path = IMAD_ProjectUITests.swift; sourceTree = "<group>"; };
		8103095D29D1BDF00021717B /* IMAD_ProjectUITestsLaunchTests.swift */ = {isa = PBXFileReference; lastKnownFileType = sourcecode.swift; path = IMAD_ProjectUITestsLaunchTests.swift; sourceTree = "<group>"; };
		812CDE9329DE92000003B993 /* CommunityView.swift */ = {isa = PBXFileReference; lastKnownFileType = sourcecode.swift; path = CommunityView.swift; sourceTree = "<group>"; };
		812CDE9529DE9CD50003B993 /* CommunityFilter.swift */ = {isa = PBXFileReference; lastKnownFileType = sourcecode.swift; path = CommunityFilter.swift; sourceTree = "<group>"; };
		812CDE9929DE9ECB0003B993 /* TabViewModel.swift */ = {isa = PBXFileReference; lastKnownFileType = sourcecode.swift; path = TabViewModel.swift; sourceTree = "<group>"; };
		812CDE9D29DEA22D0003B993 /* CommunityTabViewModel.swift */ = {isa = PBXFileReference; lastKnownFileType = sourcecode.swift; path = CommunityTabViewModel.swift; sourceTree = "<group>"; };
		812CDE9F29DEAA850003B993 /* CommunityListRowView.swift */ = {isa = PBXFileReference; lastKnownFileType = sourcecode.swift; path = CommunityListRowView.swift; sourceTree = "<group>"; };
		812CDEA229DEAE880003B993 /* Community.swift */ = {isa = PBXFileReference; lastKnownFileType = sourcecode.swift; path = Community.swift; sourceTree = "<group>"; };
		812CDEA529DEC18E0003B993 /* NotificationView.swift */ = {isa = PBXFileReference; lastKnownFileType = sourcecode.swift; path = NotificationView.swift; sourceTree = "<group>"; };
		812CDEA929DF0BF20003B993 /* Notific.swift */ = {isa = PBXFileReference; lastKnownFileType = sourcecode.swift; path = Notific.swift; sourceTree = "<group>"; };
		812EF9D229E1B5E700CE19DA /* ProfileView.swift */ = {isa = PBXFileReference; lastKnownFileType = sourcecode.swift; path = ProfileView.swift; sourceTree = "<group>"; };
		81A1ECDF29DACB720001A366 /* SplashView.swift */ = {isa = PBXFileReference; lastKnownFileType = sourcecode.swift; path = SplashView.swift; sourceTree = "<group>"; };
		81A1ECE229DC207F0001A366 /* ColorSet.swift */ = {isa = PBXFileReference; lastKnownFileType = sourcecode.swift; path = ColorSet.swift; sourceTree = "<group>"; };
		81A1ECE429DC3FA30001A366 /* MainView.swift */ = {isa = PBXFileReference; lastKnownFileType = sourcecode.swift; path = MainView.swift; sourceTree = "<group>"; };
		81A1ECE629DC40D50001A366 /* CustomData.swift */ = {isa = PBXFileReference; lastKnownFileType = sourcecode.swift; path = CustomData.swift; sourceTree = "<group>"; };
		81A1ECEC29DD1F9F0001A366 /* GenreFilter.swift */ = {isa = PBXFileReference; lastKnownFileType = sourcecode.swift; path = GenreFilter.swift; sourceTree = "<group>"; };
		81A1ECF129DD3BBC0001A366 /* MenuTabView.swift */ = {isa = PBXFileReference; lastKnownFileType = sourcecode.swift; path = MenuTabView.swift; sourceTree = "<group>"; };
		81A1ECF629DD59760001A366 /* CustomTabView.swift */ = {isa = PBXFileReference; lastKnownFileType = sourcecode.swift; path = CustomTabView.swift; sourceTree = "<group>"; };
		81A1ECF829DD6BE70001A366 /* Tab.swift */ = {isa = PBXFileReference; lastKnownFileType = sourcecode.swift; path = Tab.swift; sourceTree = "<group>"; };
		81DB1FB429E51CCE002C0840 /* SettingFilter.swift */ = {isa = PBXFileReference; lastKnownFileType = sourcecode.swift; path = SettingFilter.swift; sourceTree = "<group>"; };
		81DB1FB829E549C5002C0840 /* RoundShape.swift */ = {isa = PBXFileReference; lastKnownFileType = sourcecode.swift; path = RoundShape.swift; sourceTree = "<group>"; };
		81DB1FBC29E55095002C0840 /* LogionView.swift */ = {isa = PBXFileReference; lastKnownFileType = sourcecode.swift; path = LogionView.swift; sourceTree = "<group>"; };
		81DB1FBE29E56CA8002C0840 /* Wave.swift */ = {isa = PBXFileReference; lastKnownFileType = sourcecode.swift; path = Wave.swift; sourceTree = "<group>"; };
		81DB1FC129E56D1E002C0840 /* CustomTextField.swift */ = {isa = PBXFileReference; lastKnownFileType = sourcecode.swift; path = CustomTextField.swift; sourceTree = "<group>"; };
		81DB1FC329E6A583002C0840 /* RegisterView.swift */ = {isa = PBXFileReference; lastKnownFileType = sourcecode.swift; path = RegisterView.swift; sourceTree = "<group>"; };
		81DB1FC629E6A8BB002C0840 /* BackgroundView.swift */ = {isa = PBXFileReference; lastKnownFileType = sourcecode.swift; path = BackgroundView.swift; sourceTree = "<group>"; };
		81DB1FC929E6C2E2002C0840 /* RegisterGenderView.swift */ = {isa = PBXFileReference; lastKnownFileType = sourcecode.swift; path = RegisterGenderView.swift; sourceTree = "<group>"; };
		81DB1FCE29E6D34F002C0840 /* ProfileSelectView.swift */ = {isa = PBXFileReference; lastKnownFileType = sourcecode.swift; path = ProfileSelectView.swift; sourceTree = "<group>"; };
		81DB1FD029E6D717002C0840 /* SelectGenreView.swift */ = {isa = PBXFileReference; lastKnownFileType = sourcecode.swift; path = SelectGenreView.swift; sourceTree = "<group>"; };
		81DB1FD529E7D03B002C0840 /* KeyBoard.swift */ = {isa = PBXFileReference; lastKnownFileType = sourcecode.swift; path = KeyBoard.swift; sourceTree = "<group>"; };
		81DB1FD729E7D63C002C0840 /* RegisterTabView.swift */ = {isa = PBXFileReference; lastKnownFileType = sourcecode.swift; path = RegisterTabView.swift; sourceTree = "<group>"; };
		81DB1FD929E7D7E2002C0840 /* RegisterFilter.swift */ = {isa = PBXFileReference; lastKnownFileType = sourcecode.swift; path = RegisterFilter.swift; sourceTree = "<group>"; };
		81DB1FDC29E7DA39002C0840 /* StageTabViewModel.swift */ = {isa = PBXFileReference; lastKnownFileType = sourcecode.swift; path = StageTabViewModel.swift; sourceTree = "<group>"; };
/* End PBXFileReference section */

/* Begin PBXFrameworksBuildPhase section */
		8103093A29D1BDEF0021717B /* Frameworks */ = {
			isa = PBXFrameworksBuildPhase;
			buildActionMask = 2147483647;
			files = (
				81A1ECEA29DC44370001A366 /* Kingfisher in Frameworks */,
			);
			runOnlyForDeploymentPostprocessing = 0;
		};
		8103094A29D1BDF00021717B /* Frameworks */ = {
			isa = PBXFrameworksBuildPhase;
			buildActionMask = 2147483647;
			files = (
			);
			runOnlyForDeploymentPostprocessing = 0;
		};
		8103095429D1BDF00021717B /* Frameworks */ = {
			isa = PBXFrameworksBuildPhase;
			buildActionMask = 2147483647;
			files = (
			);
			runOnlyForDeploymentPostprocessing = 0;
		};
/* End PBXFrameworksBuildPhase section */

/* Begin PBXGroup section */
		8103093429D1BDEF0021717B = {
			isa = PBXGroup;
			children = (
				8103093F29D1BDEF0021717B /* IMAD_Project */,
				8103095029D1BDF00021717B /* IMAD_ProjectTests */,
				8103095A29D1BDF00021717B /* IMAD_ProjectUITests */,
				8103093E29D1BDEF0021717B /* Products */,
			);
			sourceTree = "<group>";
		};
		8103093E29D1BDEF0021717B /* Products */ = {
			isa = PBXGroup;
			children = (
				8103093D29D1BDEF0021717B /* IMAD_Project.app */,
				8103094D29D1BDF00021717B /* IMAD_ProjectTests.xctest */,
				8103095729D1BDF00021717B /* IMAD_ProjectUITests.xctest */,
			);
			name = Products;
			sourceTree = "<group>";
		};
		8103093F29D1BDEF0021717B /* IMAD_Project */ = {
			isa = PBXGroup;
			children = (
				812CDEA129DEAE6D0003B993 /* Model */,
				81A1ECEB29DD1F8D0001A366 /* Filter */,
				81A1ECE129DC20730001A366 /* Set */,
				812CDE9129DE91CD0003B993 /* Core */,
				8103094029D1BDEF0021717B /* IMAD_ProjectApp.swift */,
				8103094429D1BDF00021717B /* Assets.xcassets */,
				8103094629D1BDF00021717B /* Preview Content */,
			);
			path = IMAD_Project;
			sourceTree = "<group>";
		};
		8103094629D1BDF00021717B /* Preview Content */ = {
			isa = PBXGroup;
			children = (
				8103094729D1BDF00021717B /* Preview Assets.xcassets */,
			);
			path = "Preview Content";
			sourceTree = "<group>";
		};
		8103095029D1BDF00021717B /* IMAD_ProjectTests */ = {
			isa = PBXGroup;
			children = (
				8103095129D1BDF00021717B /* IMAD_ProjectTests.swift */,
			);
			path = IMAD_ProjectTests;
			sourceTree = "<group>";
		};
		8103095A29D1BDF00021717B /* IMAD_ProjectUITests */ = {
			isa = PBXGroup;
			children = (
				8103095B29D1BDF00021717B /* IMAD_ProjectUITests.swift */,
				8103095D29D1BDF00021717B /* IMAD_ProjectUITestsLaunchTests.swift */,
			);
			path = IMAD_ProjectUITests;
			sourceTree = "<group>";
		};
		812CDE9129DE91CD0003B993 /* Core */ = {
			isa = PBXGroup;
			children = (
				81DB1FC829E6C2B9002C0840 /* Collection */,
				81DB1FC529E6A8A6002C0840 /* BackGround */,
				81DB1FC029E56D06002C0840 /* Custom */,
				81DB1FBA29E55079002C0840 /* Authentication */,
				812EF9D129E1B5D800CE19DA /* Profile */,
				812CDEA429DEC17E0003B993 /* Notification */,
				812CDE9229DE91E50003B993 /* Community */,
				81A1ECDE29DACB430001A366 /* Main */,
				81A1ECEF29DD3B840001A366 /* Menu */,
			);
			path = Core;
			sourceTree = "<group>";
		};
		812CDE9229DE91E50003B993 /* Community */ = {
			isa = PBXGroup;
			children = (
				812CDE9C29DEA2170003B993 /* ViewModel */,
				812CDE9B29DEA2110003B993 /* View */,
			);
			path = Community;
			sourceTree = "<group>";
		};
		812CDE9729DE9EA90003B993 /* View */ = {
			isa = PBXGroup;
			children = (
				81A1ECF129DD3BBC0001A366 /* MenuTabView.swift */,
				81A1ECF629DD59760001A366 /* CustomTabView.swift */,
			);
			path = View;
			sourceTree = "<group>";
		};
		812CDE9829DE9EAC0003B993 /* ViewModel */ = {
			isa = PBXGroup;
			children = (
				812CDE9929DE9ECB0003B993 /* TabViewModel.swift */,
			);
			path = ViewModel;
			sourceTree = "<group>";
		};
		812CDE9B29DEA2110003B993 /* View */ = {
			isa = PBXGroup;
			children = (
				812CDE9329DE92000003B993 /* CommunityView.swift */,
				812CDE9F29DEAA850003B993 /* CommunityListRowView.swift */,
			);
			path = View;
			sourceTree = "<group>";
		};
		812CDE9C29DEA2170003B993 /* ViewModel */ = {
			isa = PBXGroup;
			children = (
				812CDE9D29DEA22D0003B993 /* CommunityTabViewModel.swift */,
			);
			path = ViewModel;
			sourceTree = "<group>";
		};
		812CDEA129DEAE6D0003B993 /* Model */ = {
			isa = PBXGroup;
			children = (
				812CDEA229DEAE880003B993 /* Community.swift */,
				812CDEA929DF0BF20003B993 /* Notific.swift */,
			);
			path = Model;
			sourceTree = "<group>";
		};
		812CDEA429DEC17E0003B993 /* Notification */ = {
			isa = PBXGroup;
			children = (
				812CDEA529DEC18E0003B993 /* NotificationView.swift */,
			);
			path = Notification;
			sourceTree = "<group>";
		};
		812EF9D129E1B5D800CE19DA /* Profile */ = {
			isa = PBXGroup;
			children = (
				812EF9D229E1B5E700CE19DA /* ProfileView.swift */,
			);
			path = Profile;
			sourceTree = "<group>";
		};
		81A1ECDE29DACB430001A366 /* Main */ = {
			isa = PBXGroup;
			children = (
				8103094229D1BDEF0021717B /* ContentView.swift */,
				81A1ECDF29DACB720001A366 /* SplashView.swift */,
				81A1ECE429DC3FA30001A366 /* MainView.swift */,
			);
			path = Main;
			sourceTree = "<group>";
		};
		81A1ECE129DC20730001A366 /* Set */ = {
			isa = PBXGroup;
			children = (
				81A1ECE229DC207F0001A366 /* ColorSet.swift */,
				81A1ECE629DC40D50001A366 /* CustomData.swift */,
				81DB1FB829E549C5002C0840 /* RoundShape.swift */,
				81DB1FBE29E56CA8002C0840 /* Wave.swift */,
				81DB1FD529E7D03B002C0840 /* KeyBoard.swift */,
			);
			path = Set;
			sourceTree = "<group>";
		};
		81A1ECEB29DD1F8D0001A366 /* Filter */ = {
			isa = PBXGroup;
			children = (
				81A1ECEC29DD1F9F0001A366 /* GenreFilter.swift */,
				81A1ECF829DD6BE70001A366 /* Tab.swift */,
				812CDE9529DE9CD50003B993 /* CommunityFilter.swift */,
				81DB1FB429E51CCE002C0840 /* SettingFilter.swift */,
				81DB1FD929E7D7E2002C0840 /* RegisterFilter.swift */,
			);
			path = Filter;
			sourceTree = "<group>";
		};
		81A1ECEF29DD3B840001A366 /* Menu */ = {
			isa = PBXGroup;
			children = (
				812CDE9829DE9EAC0003B993 /* ViewModel */,
				812CDE9729DE9EA90003B993 /* View */,
			);
			path = Menu;
			sourceTree = "<group>";
		};
		81DB1FBA29E55079002C0840 /* Authentication */ = {
			isa = PBXGroup;
			children = (
				81DB1FBB29E55084002C0840 /* View */,
			);
			path = Authentication;
			sourceTree = "<group>";
		};
		81DB1FBB29E55084002C0840 /* View */ = {
			isa = PBXGroup;
			children = (
				81DB1FBC29E55095002C0840 /* LogionView.swift */,
				81DB1FC329E6A583002C0840 /* RegisterView.swift */,
			);
			path = View;
			sourceTree = "<group>";
		};
		81DB1FC029E56D06002C0840 /* Custom */ = {
			isa = PBXGroup;
			children = (
				81DB1FC129E56D1E002C0840 /* CustomTextField.swift */,
			);
			path = Custom;
			sourceTree = "<group>";
		};
		81DB1FC529E6A8A6002C0840 /* BackGround */ = {
			isa = PBXGroup;
			children = (
				81DB1FC629E6A8BB002C0840 /* BackgroundView.swift */,
			);
			path = BackGround;
			sourceTree = "<group>";
		};
		81DB1FC829E6C2B9002C0840 /* Collection */ = {
			isa = PBXGroup;
			children = (
				81DB1FDE29E7F337002C0840 /* View */,
				81DB1FDB29E7DA29002C0840 /* ViewModel */,
			);
			path = Collection;
			sourceTree = "<group>";
		};
		81DB1FDB29E7DA29002C0840 /* ViewModel */ = {
			isa = PBXGroup;
			children = (
				81DB1FDC29E7DA39002C0840 /* StageTabViewModel.swift */,
			);
			path = ViewModel;
			sourceTree = "<group>";
		};
		81DB1FDE29E7F337002C0840 /* View */ = {
			isa = PBXGroup;
			children = (
				81DB1FC929E6C2E2002C0840 /* RegisterGenderView.swift */,
				81DB1FCE29E6D34F002C0840 /* ProfileSelectView.swift */,
				81DB1FD029E6D717002C0840 /* SelectGenreView.swift */,
				81DB1FD729E7D63C002C0840 /* RegisterTabView.swift */,
			);
			path = View;
			sourceTree = "<group>";
		};
/* End PBXGroup section */

/* Begin PBXNativeTarget section */
		8103093C29D1BDEF0021717B /* IMAD_Project */ = {
			isa = PBXNativeTarget;
			buildConfigurationList = 8103096129D1BDF00021717B /* Build configuration list for PBXNativeTarget "IMAD_Project" */;
			buildPhases = (
				8103093929D1BDEF0021717B /* Sources */,
				8103093A29D1BDEF0021717B /* Frameworks */,
				8103093B29D1BDEF0021717B /* Resources */,
			);
			buildRules = (
			);
			dependencies = (
			);
			name = IMAD_Project;
			packageProductDependencies = (
				81A1ECE929DC44370001A366 /* Kingfisher */,
			);
			productName = IMAD_Project;
			productReference = 8103093D29D1BDEF0021717B /* IMAD_Project.app */;
			productType = "com.apple.product-type.application";
		};
		8103094C29D1BDF00021717B /* IMAD_ProjectTests */ = {
			isa = PBXNativeTarget;
			buildConfigurationList = 8103096429D1BDF00021717B /* Build configuration list for PBXNativeTarget "IMAD_ProjectTests" */;
			buildPhases = (
				8103094929D1BDF00021717B /* Sources */,
				8103094A29D1BDF00021717B /* Frameworks */,
				8103094B29D1BDF00021717B /* Resources */,
			);
			buildRules = (
			);
			dependencies = (
				8103094F29D1BDF00021717B /* PBXTargetDependency */,
			);
			name = IMAD_ProjectTests;
			productName = IMAD_ProjectTests;
			productReference = 8103094D29D1BDF00021717B /* IMAD_ProjectTests.xctest */;
			productType = "com.apple.product-type.bundle.unit-test";
		};
		8103095629D1BDF00021717B /* IMAD_ProjectUITests */ = {
			isa = PBXNativeTarget;
			buildConfigurationList = 8103096729D1BDF00021717B /* Build configuration list for PBXNativeTarget "IMAD_ProjectUITests" */;
			buildPhases = (
				8103095329D1BDF00021717B /* Sources */,
				8103095429D1BDF00021717B /* Frameworks */,
				8103095529D1BDF00021717B /* Resources */,
			);
			buildRules = (
			);
			dependencies = (
				8103095929D1BDF00021717B /* PBXTargetDependency */,
			);
			name = IMAD_ProjectUITests;
			productName = IMAD_ProjectUITests;
			productReference = 8103095729D1BDF00021717B /* IMAD_ProjectUITests.xctest */;
			productType = "com.apple.product-type.bundle.ui-testing";
		};
/* End PBXNativeTarget section */

/* Begin PBXProject section */
		8103093529D1BDEF0021717B /* Project object */ = {
			isa = PBXProject;
			attributes = {
				BuildIndependentTargetsInParallel = 1;
				LastSwiftUpdateCheck = 1420;
				LastUpgradeCheck = 1420;
				TargetAttributes = {
					8103093C29D1BDEF0021717B = {
						CreatedOnToolsVersion = 14.2;
					};
					8103094C29D1BDF00021717B = {
						CreatedOnToolsVersion = 14.2;
						TestTargetID = 8103093C29D1BDEF0021717B;
					};
					8103095629D1BDF00021717B = {
						CreatedOnToolsVersion = 14.2;
						TestTargetID = 8103093C29D1BDEF0021717B;
					};
				};
			};
			buildConfigurationList = 8103093829D1BDEF0021717B /* Build configuration list for PBXProject "IMAD_Project" */;
			compatibilityVersion = "Xcode 14.0";
			developmentRegion = en;
			hasScannedForEncodings = 0;
			knownRegions = (
				en,
				Base,
			);
			mainGroup = 8103093429D1BDEF0021717B;
			packageReferences = (
				81A1ECE829DC44370001A366 /* XCRemoteSwiftPackageReference "Kingfisher" */,
			);
			productRefGroup = 8103093E29D1BDEF0021717B /* Products */;
			projectDirPath = "";
			projectRoot = "";
			targets = (
				8103093C29D1BDEF0021717B /* IMAD_Project */,
				8103094C29D1BDF00021717B /* IMAD_ProjectTests */,
				8103095629D1BDF00021717B /* IMAD_ProjectUITests */,
			);
		};
/* End PBXProject section */

/* Begin PBXResourcesBuildPhase section */
		8103093B29D1BDEF0021717B /* Resources */ = {
			isa = PBXResourcesBuildPhase;
			buildActionMask = 2147483647;
			files = (
				8103094829D1BDF00021717B /* Preview Assets.xcassets in Resources */,
				8103094529D1BDF00021717B /* Assets.xcassets in Resources */,
			);
			runOnlyForDeploymentPostprocessing = 0;
		};
		8103094B29D1BDF00021717B /* Resources */ = {
			isa = PBXResourcesBuildPhase;
			buildActionMask = 2147483647;
			files = (
			);
			runOnlyForDeploymentPostprocessing = 0;
		};
		8103095529D1BDF00021717B /* Resources */ = {
			isa = PBXResourcesBuildPhase;
			buildActionMask = 2147483647;
			files = (
			);
			runOnlyForDeploymentPostprocessing = 0;
		};
/* End PBXResourcesBuildPhase section */

/* Begin PBXSourcesBuildPhase section */
		8103093929D1BDEF0021717B /* Sources */ = {
			isa = PBXSourcesBuildPhase;
			buildActionMask = 2147483647;
			files = (
				81A1ECE729DC40D50001A366 /* CustomData.swift in Sources */,
				81DB1FCF29E6D34F002C0840 /* ProfileSelectView.swift in Sources */,
				81A1ECED29DD1F9F0001A366 /* GenreFilter.swift in Sources */,
				81DB1FC729E6A8BB002C0840 /* BackgroundView.swift in Sources */,
				81DB1FDD29E7DA39002C0840 /* StageTabViewModel.swift in Sources */,
				812CDEAA29DF0BF20003B993 /* Notific.swift in Sources */,
				812CDE9A29DE9ECB0003B993 /* TabViewModel.swift in Sources */,
				812CDEA029DEAA850003B993 /* CommunityListRowView.swift in Sources */,
				81A1ECE329DC207F0001A366 /* ColorSet.swift in Sources */,
				81DB1FBF29E56CA8002C0840 /* Wave.swift in Sources */,
				81DB1FB529E51CCE002C0840 /* SettingFilter.swift in Sources */,
				812CDE9629DE9CD50003B993 /* CommunityFilter.swift in Sources */,
				812CDEA629DEC18E0003B993 /* NotificationView.swift in Sources */,
				81A1ECF229DD3BBC0001A366 /* MenuTabView.swift in Sources */,
				81DB1FC429E6A583002C0840 /* RegisterView.swift in Sources */,
				81DB1FD829E7D63C002C0840 /* RegisterTabView.swift in Sources */,
				81DB1FBD29E55095002C0840 /* LogionView.swift in Sources */,
				8103094329D1BDEF0021717B /* ContentView.swift in Sources */,
				812CDE9429DE92000003B993 /* CommunityView.swift in Sources */,
				812CDE9E29DEA22D0003B993 /* CommunityTabViewModel.swift in Sources */,
				81DB1FD629E7D03B002C0840 /* KeyBoard.swift in Sources */,
				8103094129D1BDEF0021717B /* IMAD_ProjectApp.swift in Sources */,
				81A1ECF729DD59760001A366 /* CustomTabView.swift in Sources */,
				81DB1FB929E549C5002C0840 /* RoundShape.swift in Sources */,
				81A1ECF929DD6BE70001A366 /* Tab.swift in Sources */,
				81A1ECE529DC3FA30001A366 /* MainView.swift in Sources */,
				81DB1FCA29E6C2E2002C0840 /* RegisterGenderView.swift in Sources */,
				81DB1FDA29E7D7E2002C0840 /* RegisterFilter.swift in Sources */,
				81DB1FC229E56D1E002C0840 /* CustomTextField.swift in Sources */,
				81DB1FD129E6D717002C0840 /* SelectGenreView.swift in Sources */,
				812EF9D329E1B5E700CE19DA /* ProfileView.swift in Sources */,
				81A1ECE029DACB720001A366 /* SplashView.swift in Sources */,
				812CDEA329DEAE880003B993 /* Community.swift in Sources */,
			);
			runOnlyForDeploymentPostprocessing = 0;
		};
		8103094929D1BDF00021717B /* Sources */ = {
			isa = PBXSourcesBuildPhase;
			buildActionMask = 2147483647;
			files = (
				8103095229D1BDF00021717B /* IMAD_ProjectTests.swift in Sources */,
			);
			runOnlyForDeploymentPostprocessing = 0;
		};
		8103095329D1BDF00021717B /* Sources */ = {
			isa = PBXSourcesBuildPhase;
			buildActionMask = 2147483647;
			files = (
				8103095C29D1BDF00021717B /* IMAD_ProjectUITests.swift in Sources */,
				8103095E29D1BDF00021717B /* IMAD_ProjectUITestsLaunchTests.swift in Sources */,
			);
			runOnlyForDeploymentPostprocessing = 0;
		};
/* End PBXSourcesBuildPhase section */

/* Begin PBXTargetDependency section */
		8103094F29D1BDF00021717B /* PBXTargetDependency */ = {
			isa = PBXTargetDependency;
			target = 8103093C29D1BDEF0021717B /* IMAD_Project */;
			targetProxy = 8103094E29D1BDF00021717B /* PBXContainerItemProxy */;
		};
		8103095929D1BDF00021717B /* PBXTargetDependency */ = {
			isa = PBXTargetDependency;
			target = 8103093C29D1BDEF0021717B /* IMAD_Project */;
			targetProxy = 8103095829D1BDF00021717B /* PBXContainerItemProxy */;
		};
/* End PBXTargetDependency section */

/* Begin XCBuildConfiguration section */
		8103095F29D1BDF00021717B /* Debug */ = {
			isa = XCBuildConfiguration;
			buildSettings = {
				ALWAYS_SEARCH_USER_PATHS = NO;
				CLANG_ANALYZER_NONNULL = YES;
				CLANG_ANALYZER_NUMBER_OBJECT_CONVERSION = YES_AGGRESSIVE;
				CLANG_CXX_LANGUAGE_STANDARD = "gnu++20";
				CLANG_ENABLE_MODULES = YES;
				CLANG_ENABLE_OBJC_ARC = YES;
				CLANG_ENABLE_OBJC_WEAK = YES;
				CLANG_WARN_BLOCK_CAPTURE_AUTORELEASING = YES;
				CLANG_WARN_BOOL_CONVERSION = YES;
				CLANG_WARN_COMMA = YES;
				CLANG_WARN_CONSTANT_CONVERSION = YES;
				CLANG_WARN_DEPRECATED_OBJC_IMPLEMENTATIONS = YES;
				CLANG_WARN_DIRECT_OBJC_ISA_USAGE = YES_ERROR;
				CLANG_WARN_DOCUMENTATION_COMMENTS = YES;
				CLANG_WARN_EMPTY_BODY = YES;
				CLANG_WARN_ENUM_CONVERSION = YES;
				CLANG_WARN_INFINITE_RECURSION = YES;
				CLANG_WARN_INT_CONVERSION = YES;
				CLANG_WARN_NON_LITERAL_NULL_CONVERSION = YES;
				CLANG_WARN_OBJC_IMPLICIT_RETAIN_SELF = YES;
				CLANG_WARN_OBJC_LITERAL_CONVERSION = YES;
				CLANG_WARN_OBJC_ROOT_CLASS = YES_ERROR;
				CLANG_WARN_QUOTED_INCLUDE_IN_FRAMEWORK_HEADER = YES;
				CLANG_WARN_RANGE_LOOP_ANALYSIS = YES;
				CLANG_WARN_STRICT_PROTOTYPES = YES;
				CLANG_WARN_SUSPICIOUS_MOVE = YES;
				CLANG_WARN_UNGUARDED_AVAILABILITY = YES_AGGRESSIVE;
				CLANG_WARN_UNREACHABLE_CODE = YES;
				CLANG_WARN__DUPLICATE_METHOD_MATCH = YES;
				COPY_PHASE_STRIP = NO;
				DEBUG_INFORMATION_FORMAT = dwarf;
				ENABLE_STRICT_OBJC_MSGSEND = YES;
				ENABLE_TESTABILITY = YES;
				GCC_C_LANGUAGE_STANDARD = gnu11;
				GCC_DYNAMIC_NO_PIC = NO;
				GCC_NO_COMMON_BLOCKS = YES;
				GCC_OPTIMIZATION_LEVEL = 0;
				GCC_PREPROCESSOR_DEFINITIONS = (
					"DEBUG=1",
					"$(inherited)",
				);
				GCC_WARN_64_TO_32_BIT_CONVERSION = YES;
				GCC_WARN_ABOUT_RETURN_TYPE = YES_ERROR;
				GCC_WARN_UNDECLARED_SELECTOR = YES;
				GCC_WARN_UNINITIALIZED_AUTOS = YES_AGGRESSIVE;
				GCC_WARN_UNUSED_FUNCTION = YES;
				GCC_WARN_UNUSED_VARIABLE = YES;
				IPHONEOS_DEPLOYMENT_TARGET = 16.2;
				MTL_ENABLE_DEBUG_INFO = INCLUDE_SOURCE;
				MTL_FAST_MATH = YES;
				ONLY_ACTIVE_ARCH = YES;
				SDKROOT = iphoneos;
				SWIFT_ACTIVE_COMPILATION_CONDITIONS = DEBUG;
				SWIFT_OPTIMIZATION_LEVEL = "-Onone";
			};
			name = Debug;
		};
		8103096029D1BDF00021717B /* Release */ = {
			isa = XCBuildConfiguration;
			buildSettings = {
				ALWAYS_SEARCH_USER_PATHS = NO;
				CLANG_ANALYZER_NONNULL = YES;
				CLANG_ANALYZER_NUMBER_OBJECT_CONVERSION = YES_AGGRESSIVE;
				CLANG_CXX_LANGUAGE_STANDARD = "gnu++20";
				CLANG_ENABLE_MODULES = YES;
				CLANG_ENABLE_OBJC_ARC = YES;
				CLANG_ENABLE_OBJC_WEAK = YES;
				CLANG_WARN_BLOCK_CAPTURE_AUTORELEASING = YES;
				CLANG_WARN_BOOL_CONVERSION = YES;
				CLANG_WARN_COMMA = YES;
				CLANG_WARN_CONSTANT_CONVERSION = YES;
				CLANG_WARN_DEPRECATED_OBJC_IMPLEMENTATIONS = YES;
				CLANG_WARN_DIRECT_OBJC_ISA_USAGE = YES_ERROR;
				CLANG_WARN_DOCUMENTATION_COMMENTS = YES;
				CLANG_WARN_EMPTY_BODY = YES;
				CLANG_WARN_ENUM_CONVERSION = YES;
				CLANG_WARN_INFINITE_RECURSION = YES;
				CLANG_WARN_INT_CONVERSION = YES;
				CLANG_WARN_NON_LITERAL_NULL_CONVERSION = YES;
				CLANG_WARN_OBJC_IMPLICIT_RETAIN_SELF = YES;
				CLANG_WARN_OBJC_LITERAL_CONVERSION = YES;
				CLANG_WARN_OBJC_ROOT_CLASS = YES_ERROR;
				CLANG_WARN_QUOTED_INCLUDE_IN_FRAMEWORK_HEADER = YES;
				CLANG_WARN_RANGE_LOOP_ANALYSIS = YES;
				CLANG_WARN_STRICT_PROTOTYPES = YES;
				CLANG_WARN_SUSPICIOUS_MOVE = YES;
				CLANG_WARN_UNGUARDED_AVAILABILITY = YES_AGGRESSIVE;
				CLANG_WARN_UNREACHABLE_CODE = YES;
				CLANG_WARN__DUPLICATE_METHOD_MATCH = YES;
				COPY_PHASE_STRIP = NO;
				DEBUG_INFORMATION_FORMAT = "dwarf-with-dsym";
				ENABLE_NS_ASSERTIONS = NO;
				ENABLE_STRICT_OBJC_MSGSEND = YES;
				GCC_C_LANGUAGE_STANDARD = gnu11;
				GCC_NO_COMMON_BLOCKS = YES;
				GCC_WARN_64_TO_32_BIT_CONVERSION = YES;
				GCC_WARN_ABOUT_RETURN_TYPE = YES_ERROR;
				GCC_WARN_UNDECLARED_SELECTOR = YES;
				GCC_WARN_UNINITIALIZED_AUTOS = YES_AGGRESSIVE;
				GCC_WARN_UNUSED_FUNCTION = YES;
				GCC_WARN_UNUSED_VARIABLE = YES;
				IPHONEOS_DEPLOYMENT_TARGET = 16.2;
				MTL_ENABLE_DEBUG_INFO = NO;
				MTL_FAST_MATH = YES;
				SDKROOT = iphoneos;
				SWIFT_COMPILATION_MODE = wholemodule;
				SWIFT_OPTIMIZATION_LEVEL = "-O";
				VALIDATE_PRODUCT = YES;
			};
			name = Release;
		};
		8103096229D1BDF00021717B /* Debug */ = {
			isa = XCBuildConfiguration;
			buildSettings = {
				ASSETCATALOG_COMPILER_APPICON_NAME = AppIcon;
				ASSETCATALOG_COMPILER_GLOBAL_ACCENT_COLOR_NAME = AccentColor;
				CODE_SIGN_STYLE = Automatic;
				CURRENT_PROJECT_VERSION = 1;
				DEVELOPMENT_ASSET_PATHS = "\"IMAD_Project/Preview Content\"";
				DEVELOPMENT_TEAM = N676ZFA7W8;
				ENABLE_PREVIEWS = YES;
				GENERATE_INFOPLIST_FILE = YES;
				INFOPLIST_KEY_CFBundleDisplayName = "아이매드";
				INFOPLIST_KEY_UIApplicationSceneManifest_Generation = YES;
				INFOPLIST_KEY_UIApplicationSupportsIndirectInputEvents = YES;
				INFOPLIST_KEY_UILaunchScreen_Generation = YES;
				INFOPLIST_KEY_UISupportedInterfaceOrientations_iPad = "UIInterfaceOrientationPortrait UIInterfaceOrientationPortraitUpsideDown UIInterfaceOrientationLandscapeLeft UIInterfaceOrientationLandscapeRight";
				INFOPLIST_KEY_UISupportedInterfaceOrientations_iPhone = "UIInterfaceOrientationPortrait UIInterfaceOrientationLandscapeLeft UIInterfaceOrientationLandscapeRight";
				LD_RUNPATH_SEARCH_PATHS = (
					"$(inherited)",
					"@executable_path/Frameworks",
				);
				MARKETING_VERSION = 1.0;
				PRODUCT_BUNDLE_IDENTIFIER = "quarang.IMAD-Project";
				PRODUCT_NAME = "$(TARGET_NAME)";
				SWIFT_EMIT_LOC_STRINGS = YES;
				SWIFT_VERSION = 5.0;
				TARGETED_DEVICE_FAMILY = "1,2";
			};
			name = Debug;
		};
		8103096329D1BDF00021717B /* Release */ = {
			isa = XCBuildConfiguration;
			buildSettings = {
				ASSETCATALOG_COMPILER_APPICON_NAME = AppIcon;
				ASSETCATALOG_COMPILER_GLOBAL_ACCENT_COLOR_NAME = AccentColor;
				CODE_SIGN_STYLE = Automatic;
				CURRENT_PROJECT_VERSION = 1;
				DEVELOPMENT_ASSET_PATHS = "\"IMAD_Project/Preview Content\"";
				DEVELOPMENT_TEAM = N676ZFA7W8;
				ENABLE_PREVIEWS = YES;
				GENERATE_INFOPLIST_FILE = YES;
				INFOPLIST_KEY_CFBundleDisplayName = "아이매드";
				INFOPLIST_KEY_UIApplicationSceneManifest_Generation = YES;
				INFOPLIST_KEY_UIApplicationSupportsIndirectInputEvents = YES;
				INFOPLIST_KEY_UILaunchScreen_Generation = YES;
				INFOPLIST_KEY_UISupportedInterfaceOrientations_iPad = "UIInterfaceOrientationPortrait UIInterfaceOrientationPortraitUpsideDown UIInterfaceOrientationLandscapeLeft UIInterfaceOrientationLandscapeRight";
				INFOPLIST_KEY_UISupportedInterfaceOrientations_iPhone = "UIInterfaceOrientationPortrait UIInterfaceOrientationLandscapeLeft UIInterfaceOrientationLandscapeRight";
				LD_RUNPATH_SEARCH_PATHS = (
					"$(inherited)",
					"@executable_path/Frameworks",
				);
				MARKETING_VERSION = 1.0;
				PRODUCT_BUNDLE_IDENTIFIER = "quarang.IMAD-Project";
				PRODUCT_NAME = "$(TARGET_NAME)";
				SWIFT_EMIT_LOC_STRINGS = YES;
				SWIFT_VERSION = 5.0;
				TARGETED_DEVICE_FAMILY = "1,2";
			};
			name = Release;
		};
		8103096529D1BDF00021717B /* Debug */ = {
			isa = XCBuildConfiguration;
			buildSettings = {
				ALWAYS_EMBED_SWIFT_STANDARD_LIBRARIES = YES;
				BUNDLE_LOADER = "$(TEST_HOST)";
				"CODE_SIGN_IDENTITY[sdk=macosx*]" = "Apple Development";
				CODE_SIGN_STYLE = Automatic;
				CURRENT_PROJECT_VERSION = 1;
				DEVELOPMENT_TEAM = N676ZFA7W8;
				GENERATE_INFOPLIST_FILE = YES;
				IPHONEOS_DEPLOYMENT_TARGET = 16.2;
				MARKETING_VERSION = 1.0;
				PRODUCT_BUNDLE_IDENTIFIER = "quarang.IMAD-ProjectTests";
				PRODUCT_NAME = "$(TARGET_NAME)";
				SWIFT_EMIT_LOC_STRINGS = NO;
				SWIFT_VERSION = 5.0;
				TARGETED_DEVICE_FAMILY = "1,2";
				TEST_HOST = "$(BUILT_PRODUCTS_DIR)/IMAD_Project.app/$(BUNDLE_EXECUTABLE_FOLDER_PATH)/IMAD_Project";
			};
			name = Debug;
		};
		8103096629D1BDF00021717B /* Release */ = {
			isa = XCBuildConfiguration;
			buildSettings = {
				ALWAYS_EMBED_SWIFT_STANDARD_LIBRARIES = YES;
				BUNDLE_LOADER = "$(TEST_HOST)";
				"CODE_SIGN_IDENTITY[sdk=macosx*]" = "Apple Development";
				CODE_SIGN_STYLE = Automatic;
				CURRENT_PROJECT_VERSION = 1;
				DEVELOPMENT_TEAM = N676ZFA7W8;
				GENERATE_INFOPLIST_FILE = YES;
				IPHONEOS_DEPLOYMENT_TARGET = 16.2;
				MARKETING_VERSION = 1.0;
				PRODUCT_BUNDLE_IDENTIFIER = "quarang.IMAD-ProjectTests";
				PRODUCT_NAME = "$(TARGET_NAME)";
				SWIFT_EMIT_LOC_STRINGS = NO;
				SWIFT_VERSION = 5.0;
				TARGETED_DEVICE_FAMILY = "1,2";
				TEST_HOST = "$(BUILT_PRODUCTS_DIR)/IMAD_Project.app/$(BUNDLE_EXECUTABLE_FOLDER_PATH)/IMAD_Project";
			};
			name = Release;
		};
		8103096829D1BDF00021717B /* Debug */ = {
			isa = XCBuildConfiguration;
			buildSettings = {
				ALWAYS_EMBED_SWIFT_STANDARD_LIBRARIES = YES;
				CODE_SIGN_STYLE = Automatic;
				CURRENT_PROJECT_VERSION = 1;
				DEVELOPMENT_TEAM = N676ZFA7W8;
				GENERATE_INFOPLIST_FILE = YES;
				MARKETING_VERSION = 1.0;
				PRODUCT_BUNDLE_IDENTIFIER = "quarang.IMAD-ProjectUITests";
				PRODUCT_NAME = "$(TARGET_NAME)";
				SWIFT_EMIT_LOC_STRINGS = NO;
				SWIFT_VERSION = 5.0;
				TARGETED_DEVICE_FAMILY = "1,2";
				TEST_TARGET_NAME = IMAD_Project;
			};
			name = Debug;
		};
		8103096929D1BDF00021717B /* Release */ = {
			isa = XCBuildConfiguration;
			buildSettings = {
				ALWAYS_EMBED_SWIFT_STANDARD_LIBRARIES = YES;
				CODE_SIGN_STYLE = Automatic;
				CURRENT_PROJECT_VERSION = 1;
				DEVELOPMENT_TEAM = N676ZFA7W8;
				GENERATE_INFOPLIST_FILE = YES;
				MARKETING_VERSION = 1.0;
				PRODUCT_BUNDLE_IDENTIFIER = "quarang.IMAD-ProjectUITests";
				PRODUCT_NAME = "$(TARGET_NAME)";
				SWIFT_EMIT_LOC_STRINGS = NO;
				SWIFT_VERSION = 5.0;
				TARGETED_DEVICE_FAMILY = "1,2";
				TEST_TARGET_NAME = IMAD_Project;
			};
			name = Release;
		};
/* End XCBuildConfiguration section */

/* Begin XCConfigurationList section */
		8103093829D1BDEF0021717B /* Build configuration list for PBXProject "IMAD_Project" */ = {
			isa = XCConfigurationList;
			buildConfigurations = (
				8103095F29D1BDF00021717B /* Debug */,
				8103096029D1BDF00021717B /* Release */,
			);
			defaultConfigurationIsVisible = 0;
			defaultConfigurationName = Release;
		};
		8103096129D1BDF00021717B /* Build configuration list for PBXNativeTarget "IMAD_Project" */ = {
			isa = XCConfigurationList;
			buildConfigurations = (
				8103096229D1BDF00021717B /* Debug */,
				8103096329D1BDF00021717B /* Release */,
			);
			defaultConfigurationIsVisible = 0;
			defaultConfigurationName = Release;
		};
		8103096429D1BDF00021717B /* Build configuration list for PBXNativeTarget "IMAD_ProjectTests" */ = {
			isa = XCConfigurationList;
			buildConfigurations = (
				8103096529D1BDF00021717B /* Debug */,
				8103096629D1BDF00021717B /* Release */,
			);
			defaultConfigurationIsVisible = 0;
			defaultConfigurationName = Release;
		};
		8103096729D1BDF00021717B /* Build configuration list for PBXNativeTarget "IMAD_ProjectUITests" */ = {
			isa = XCConfigurationList;
			buildConfigurations = (
				8103096829D1BDF00021717B /* Debug */,
				8103096929D1BDF00021717B /* Release */,
			);
			defaultConfigurationIsVisible = 0;
			defaultConfigurationName = Release;
		};
/* End XCConfigurationList section */

/* Begin XCRemoteSwiftPackageReference section */
		81A1ECE829DC44370001A366 /* XCRemoteSwiftPackageReference "Kingfisher" */ = {
			isa = XCRemoteSwiftPackageReference;
			repositoryURL = "https://github.com/onevcat/Kingfisher.git";
			requirement = {
				kind = upToNextMajorVersion;
				minimumVersion = 7.0.0;
			};
		};
/* End XCRemoteSwiftPackageReference section */

/* Begin XCSwiftPackageProductDependency section */
		81A1ECE929DC44370001A366 /* Kingfisher */ = {
			isa = XCSwiftPackageProductDependency;
			package = 81A1ECE829DC44370001A366 /* XCRemoteSwiftPackageReference "Kingfisher" */;
			productName = Kingfisher;
		};
/* End XCSwiftPackageProductDependency section */
	};
	rootObject = 8103093529D1BDEF0021717B /* Project object */;
}
