{
  "originHash" : "78e5cf2c3b28d7a2dc522007b104483e2f0d23e9d7d8480f7d7044bb706864d3",
  "pins" : [
    {
      "identity" : "alamofire",
      "kind" : "remoteSourceControl",
      "location" : "https://github.com/Alamofire/Alamofire.git",
      "state" : {
        "revision" : "723fa5a6c65812aec4a0d7cc432ee198883b6e00",
        "version" : "5.9.0"
      }
    },
    {
      "identity" : "kingfisher",
      "kind" : "remoteSourceControl",
      "location" : "https://github.com/onevcat/Kingfisher.git",
      "state" : {
        "revision" : "5b92f029fab2cce44386d28588098b5be0824ef5",
        "version" : "7.11.0"
      }
    },
    {
      "identity" : "swiftui-flow-layout",
      "kind" : "remoteSourceControl",
      "location" : "https://github.com/globulus/swiftui-flow-layout",
      "state" : {
        "revision" : "de7da3440c3b87ba94adfa98c698828d7746a76d",
        "version" : "1.0.5"
      }
    },
    {
      "identity" : "swiftuiwave",
      "kind" : "remoteSourceControl",
      "location" : "https://github.com/QuaRang1225/SwiftUIWave.git",
      "state" : {
        "revision" : "97c9eab530dc38d5f547621cd64acdcca44a8e92",
        "version" : "1.0.0"
      }
    }
  ],
  "version" : 3
}
